// !$*UTF8*$!
{
	archiveVersion = 1;
	classes = {
	};
	objectVersion = 46;
	objects = {

/* Begin PBXBuildFile section */
		0E116D15179FC741000CB4C3 /* PJ_FindFriendController.m in Sources */ = {isa = PBXBuildFile; fileRef = 0E116D14179FC741000CB4C3 /* PJ_FindFriendController.m */; };
		0E170EC4179A9E6A009EA389 /* MessageUI.framework in Frameworks */ = {isa = PBXBuildFile; fileRef = 0E170EC3179A9E6A009EA389 /* MessageUI.framework */; };
		0E170EC6179A9E79009EA389 /* MapKit.framework in Frameworks */ = {isa = PBXBuildFile; fileRef = 0E170EC5179A9E79009EA389 /* MapKit.framework */; };
		0E170EC8179A9E8B009EA389 /* Twitter.framework in Frameworks */ = {isa = PBXBuildFile; fileRef = 0E170EC7179A9E8B009EA389 /* Twitter.framework */; };
		0E170ECA179A9E91009EA389 /* CoreText.framework in Frameworks */ = {isa = PBXBuildFile; fileRef = 0E170EC9179A9E91009EA389 /* CoreText.framework */; };
		0E170ECC179A9E9C009EA389 /* AddressBook.framework in Frameworks */ = {isa = PBXBuildFile; fileRef = 0E170ECB179A9E9C009EA389 /* AddressBook.framework */; };
		0E170ECE179A9EA2009EA389 /* AdSupport.framework in Frameworks */ = {isa = PBXBuildFile; fileRef = 0E170ECD179A9EA2009EA389 /* AdSupport.framework */; };
		0E170ED2179AB0F3009EA389 /* PJ_MoreMainMenuViewController.m in Sources */ = {isa = PBXBuildFile; fileRef = 0E170ED1179AB0F3009EA389 /* PJ_MoreMainMenuViewController.m */; };
		0E170ED6179AB6B5009EA389 /* PJ_SuggestedUsersViewController.m in Sources */ = {isa = PBXBuildFile; fileRef = 0E170ED5179AB6B5009EA389 /* PJ_SuggestedUsersViewController.m */; };
		0E170EDD179AEC11009EA389 /* PJ_ProfileTabController.m in Sources */ = {isa = PBXBuildFile; fileRef = 0E170EDC179AEC11009EA389 /* PJ_ProfileTabController.m */; };
		0E178B9E177AF510009C06D4 /* PJ_ChecklistModel.m in Sources */ = {isa = PBXBuildFile; fileRef = 0E178B9D177AF510009C06D4 /* PJ_ChecklistModel.m */; };
		0E23C18C178F1FF90041DA87 /* BlurOverlayView.m in Sources */ = {isa = PBXBuildFile; fileRef = 0E23C13C178F1FF90041DA87 /* BlurOverlayView.m */; };
		0E23C18D178F1FF90041DA87 /* DLCImagePickerController.m in Sources */ = {isa = PBXBuildFile; fileRef = 0E23C13E178F1FF90041DA87 /* DLCImagePickerController.m */; };
		0E23C18E178F1FF90041DA87 /* GrayscaleContrastFilter.m in Sources */ = {isa = PBXBuildFile; fileRef = 0E23C140178F1FF90041DA87 /* GrayscaleContrastFilter.m */; };
		0E23C18F178F1FF90041DA87 /* PhotoViewController.m in Sources */ = {isa = PBXBuildFile; fileRef = 0E23C142178F1FF90041DA87 /* PhotoViewController.m */; };
		0E23C190178F1FF90041DA87 /* 1.jpg in Resources */ = {isa = PBXBuildFile; fileRef = 0E23C145178F1FF90041DA87 /* 1.jpg */; };
		0E23C191178F1FF90041DA87 /* 10.jpg in Resources */ = {isa = PBXBuildFile; fileRef = 0E23C146178F1FF90041DA87 /* 10.jpg */; };
		0E23C192178F1FF90041DA87 /* 10@2x.jpg in Resources */ = {isa = PBXBuildFile; fileRef = 0E23C147178F1FF90041DA87 /* 10@2x.jpg */; };
		0E23C193178F1FF90041DA87 /* 1@2x.jpg in Resources */ = {isa = PBXBuildFile; fileRef = 0E23C148178F1FF90041DA87 /* 1@2x.jpg */; };
		0E23C194178F1FF90041DA87 /* 2.jpg in Resources */ = {isa = PBXBuildFile; fileRef = 0E23C149178F1FF90041DA87 /* 2.jpg */; };
		0E23C195178F1FF90041DA87 /* 2@2x.jpg in Resources */ = {isa = PBXBuildFile; fileRef = 0E23C14A178F1FF90041DA87 /* 2@2x.jpg */; };
		0E23C196178F1FF90041DA87 /* 3.jpg in Resources */ = {isa = PBXBuildFile; fileRef = 0E23C14B178F1FF90041DA87 /* 3.jpg */; };
		0E23C197178F1FF90041DA87 /* 3@2x.jpg in Resources */ = {isa = PBXBuildFile; fileRef = 0E23C14C178F1FF90041DA87 /* 3@2x.jpg */; };
		0E23C198178F1FF90041DA87 /* 4.jpg in Resources */ = {isa = PBXBuildFile; fileRef = 0E23C14D178F1FF90041DA87 /* 4.jpg */; };
		0E23C199178F1FF90041DA87 /* 4@2x.jpg in Resources */ = {isa = PBXBuildFile; fileRef = 0E23C14E178F1FF90041DA87 /* 4@2x.jpg */; };
		0E23C19A178F1FF90041DA87 /* 5.jpg in Resources */ = {isa = PBXBuildFile; fileRef = 0E23C14F178F1FF90041DA87 /* 5.jpg */; };
		0E23C19B178F1FF90041DA87 /* 5@2x.jpg in Resources */ = {isa = PBXBuildFile; fileRef = 0E23C150178F1FF90041DA87 /* 5@2x.jpg */; };
		0E23C19C178F1FF90041DA87 /* 6.jpg in Resources */ = {isa = PBXBuildFile; fileRef = 0E23C151178F1FF90041DA87 /* 6.jpg */; };
		0E23C19D178F1FF90041DA87 /* 6@2x.jpg in Resources */ = {isa = PBXBuildFile; fileRef = 0E23C152178F1FF90041DA87 /* 6@2x.jpg */; };
		0E23C19E178F1FF90041DA87 /* 7.jpg in Resources */ = {isa = PBXBuildFile; fileRef = 0E23C153178F1FF90041DA87 /* 7.jpg */; };
		0E23C19F178F1FF90041DA87 /* 7@2x.jpg in Resources */ = {isa = PBXBuildFile; fileRef = 0E23C154178F1FF90041DA87 /* 7@2x.jpg */; };
		0E23C1A0178F1FF90041DA87 /* 8.jpg in Resources */ = {isa = PBXBuildFile; fileRef = 0E23C155178F1FF90041DA87 /* 8.jpg */; };
		0E23C1A1178F1FF90041DA87 /* 8@2x.jpg in Resources */ = {isa = PBXBuildFile; fileRef = 0E23C156178F1FF90041DA87 /* 8@2x.jpg */; };
		0E23C1A2178F1FF90041DA87 /* 9.jpg in Resources */ = {isa = PBXBuildFile; fileRef = 0E23C157178F1FF90041DA87 /* 9.jpg */; };
		0E23C1A3178F1FF90041DA87 /* 9@2x.jpg in Resources */ = {isa = PBXBuildFile; fileRef = 0E23C158178F1FF90041DA87 /* 9@2x.jpg */; };
		0E23C1A4178F1FF90041DA87 /* blackframe.png in Resources */ = {isa = PBXBuildFile; fileRef = 0E23C15A178F1FF90041DA87 /* blackframe.png */; };
		0E23C1A5178F1FF90041DA87 /* mask.png in Resources */ = {isa = PBXBuildFile; fileRef = 0E23C15B178F1FF90041DA87 /* mask.png */; };
		0E23C1A6178F1FF90041DA87 /* sample1.jpg in Resources */ = {isa = PBXBuildFile; fileRef = 0E23C15D178F1FF90041DA87 /* sample1.jpg */; };
		0E23C1A7178F1FF90041DA87 /* blur-on.png in Resources */ = {isa = PBXBuildFile; fileRef = 0E23C15F178F1FF90041DA87 /* blur-on.png */; };
		0E23C1A8178F1FF90041DA87 /* blur-on@2x.png in Resources */ = {isa = PBXBuildFile; fileRef = 0E23C160178F1FF90041DA87 /* blur-on@2x.png */; };
		0E23C1A9178F1FF90041DA87 /* blur.png in Resources */ = {isa = PBXBuildFile; fileRef = 0E23C161178F1FF90041DA87 /* blur.png */; };
		0E23C1AA178F1FF90041DA87 /* blur@2x.png in Resources */ = {isa = PBXBuildFile; fileRef = 0E23C162178F1FF90041DA87 /* blur@2x.png */; };
		0E23C1AB178F1FF90041DA87 /* camera-button.png in Resources */ = {isa = PBXBuildFile; fileRef = 0E23C163178F1FF90041DA87 /* camera-button.png */; };
		0E23C1AC178F1FF90041DA87 /* camera-button@2x.png in Resources */ = {isa = PBXBuildFile; fileRef = 0E23C164178F1FF90041DA87 /* camera-button@2x.png */; };
		0E23C1AD178F1FF90041DA87 /* camera-icon.png in Resources */ = {isa = PBXBuildFile; fileRef = 0E23C165178F1FF90041DA87 /* camera-icon.png */; };
		0E23C1AE178F1FF90041DA87 /* camera-icon@2x.png in Resources */ = {isa = PBXBuildFile; fileRef = 0E23C166178F1FF90041DA87 /* camera-icon@2x.png */; };
		0E23C1AF178F1FF90041DA87 /* close.png in Resources */ = {isa = PBXBuildFile; fileRef = 0E23C167178F1FF90041DA87 /* close.png */; };
		0E23C1B0178F1FF90041DA87 /* close@2x.png in Resources */ = {isa = PBXBuildFile; fileRef = 0E23C168178F1FF90041DA87 /* close@2x.png */; };
		0E23C1B1178F1FF90041DA87 /* dock_bg.png in Resources */ = {isa = PBXBuildFile; fileRef = 0E23C169178F1FF90041DA87 /* dock_bg.png */; };
		0E23C1B2178F1FF90041DA87 /* dock_bg@2x.png in Resources */ = {isa = PBXBuildFile; fileRef = 0E23C16A178F1FF90041DA87 /* dock_bg@2x.png */; };
		0E23C1B3178F1FF90041DA87 /* filter-close.png in Resources */ = {isa = PBXBuildFile; fileRef = 0E23C16B178F1FF90041DA87 /* filter-close.png */; };
		0E23C1B4178F1FF90041DA87 /* filter-close@2x.png in Resources */ = {isa = PBXBuildFile; fileRef = 0E23C16C178F1FF90041DA87 /* filter-close@2x.png */; };
		0E23C1B5178F1FF90041DA87 /* filter-open.png in Resources */ = {isa = PBXBuildFile; fileRef = 0E23C16D178F1FF90041DA87 /* filter-open.png */; };
		0E23C1B6178F1FF90041DA87 /* filter-open@2x.png in Resources */ = {isa = PBXBuildFile; fileRef = 0E23C16E178F1FF90041DA87 /* filter-open@2x.png */; };
		0E23C1B7178F1FF90041DA87 /* filter.png in Resources */ = {isa = PBXBuildFile; fileRef = 0E23C16F178F1FF90041DA87 /* filter.png */; };
		0E23C1B8178F1FF90041DA87 /* filter@2x.png in Resources */ = {isa = PBXBuildFile; fileRef = 0E23C170178F1FF90041DA87 /* filter@2x.png */; };
		0E23C1B9178F1FF90041DA87 /* flash-auto.png in Resources */ = {isa = PBXBuildFile; fileRef = 0E23C171178F1FF90041DA87 /* flash-auto.png */; };
		0E23C1BA178F1FF90041DA87 /* flash-auto@2x.png in Resources */ = {isa = PBXBuildFile; fileRef = 0E23C172178F1FF90041DA87 /* flash-auto@2x.png */; };
		0E23C1BB178F1FF90041DA87 /* flash-off.png in Resources */ = {isa = PBXBuildFile; fileRef = 0E23C173178F1FF90041DA87 /* flash-off.png */; };
		0E23C1BC178F1FF90041DA87 /* flash-off@2x.png in Resources */ = {isa = PBXBuildFile; fileRef = 0E23C174178F1FF90041DA87 /* flash-off@2x.png */; };
		0E23C1BD178F1FF90041DA87 /* flash.png in Resources */ = {isa = PBXBuildFile; fileRef = 0E23C175178F1FF90041DA87 /* flash.png */; };
		0E23C1BE178F1FF90041DA87 /* flash@2x.png in Resources */ = {isa = PBXBuildFile; fileRef = 0E23C176178F1FF90041DA87 /* flash@2x.png */; };
		0E23C1BF178F1FF90041DA87 /* focus-crosshair.png in Resources */ = {isa = PBXBuildFile; fileRef = 0E23C177178F1FF90041DA87 /* focus-crosshair.png */; };
		0E23C1C0178F1FF90041DA87 /* focus-crosshair@2x.png in Resources */ = {isa = PBXBuildFile; fileRef = 0E23C178178F1FF90041DA87 /* focus-crosshair@2x.png */; };
		0E23C1C1178F1FF90041DA87 /* front-camera.png in Resources */ = {isa = PBXBuildFile; fileRef = 0E23C179178F1FF90041DA87 /* front-camera.png */; };
		0E23C1C2178F1FF90041DA87 /* front-camera@2x.png in Resources */ = {isa = PBXBuildFile; fileRef = 0E23C17A178F1FF90041DA87 /* front-camera@2x.png */; };
		0E23C1C3178F1FF90041DA87 /* library.png in Resources */ = {isa = PBXBuildFile; fileRef = 0E23C17B178F1FF90041DA87 /* library.png */; };
		0E23C1C4178F1FF90041DA87 /* library@2x.png in Resources */ = {isa = PBXBuildFile; fileRef = 0E23C17C178F1FF90041DA87 /* library@2x.png */; };
		0E23C1C5178F1FF90041DA87 /* micro_carbon.png in Resources */ = {isa = PBXBuildFile; fileRef = 0E23C17D178F1FF90041DA87 /* micro_carbon.png */; };
		0E23C1C6178F1FF90041DA87 /* micro_carbon@2x.png in Resources */ = {isa = PBXBuildFile; fileRef = 0E23C17E178F1FF90041DA87 /* micro_carbon@2x.png */; };
		0E23C1C7178F1FF90041DA87 /* photo_bar.png in Resources */ = {isa = PBXBuildFile; fileRef = 0E23C17F178F1FF90041DA87 /* photo_bar.png */; };
		0E23C1C8178F1FF90041DA87 /* photo_bar@2x.png in Resources */ = {isa = PBXBuildFile; fileRef = 0E23C180178F1FF90041DA87 /* photo_bar@2x.png */; };
		0E23C1C9178F1FF90041DA87 /* LICENSE in Resources */ = {isa = PBXBuildFile; fileRef = 0E23C181178F1FF90041DA87 /* LICENSE */; };
		0E23C1CA178F1FF90041DA87 /* DLCImagePicker.xib in Resources */ = {isa = PBXBuildFile; fileRef = 0E23C183178F1FF90041DA87 /* DLCImagePicker.xib */; };
		0E23C1CB178F1FF90041DA87 /* 02.acv in Resources */ = {isa = PBXBuildFile; fileRef = 0E23C185178F1FF90041DA87 /* 02.acv */; };
		0E23C1CC178F1FF90041DA87 /* 06.acv in Resources */ = {isa = PBXBuildFile; fileRef = 0E23C186178F1FF90041DA87 /* 06.acv */; };
		0E23C1CD178F1FF90041DA87 /* 17.acv in Resources */ = {isa = PBXBuildFile; fileRef = 0E23C187178F1FF90041DA87 /* 17.acv */; };
		0E23C1CE178F1FF90041DA87 /* aqua.acv in Resources */ = {isa = PBXBuildFile; fileRef = 0E23C188178F1FF90041DA87 /* aqua.acv */; };
		0E23C1CF178F1FF90041DA87 /* crossprocess.acv in Resources */ = {isa = PBXBuildFile; fileRef = 0E23C189178F1FF90041DA87 /* crossprocess.acv */; };
		0E23C1D0178F1FF90041DA87 /* purple-green.acv in Resources */ = {isa = PBXBuildFile; fileRef = 0E23C18A178F1FF90041DA87 /* purple-green.acv */; };
		0E23C1D1178F1FF90041DA87 /* yellow-red.acv in Resources */ = {isa = PBXBuildFile; fileRef = 0E23C18B178F1FF90041DA87 /* yellow-red.acv */; };
		0E23C1E3178F24B50041DA87 /* libGPUImage.a in Frameworks */ = {isa = PBXBuildFile; fileRef = 0E23C1DE178F24640041DA87 /* libGPUImage.a */; };
		0E40E43D1782E90400A75B6D /* PJ_CameraViewController.m in Sources */ = {isa = PBXBuildFile; fileRef = 0E40E43C1782E90400A75B6D /* PJ_CameraViewController.m */; };
		0E4FD496178DC7470076BC00 /* photo.jpg in Resources */ = {isa = PBXBuildFile; fileRef = 0E4FD495178DC7470076BC00 /* photo.jpg */; };
		0E6B80BB176B3A8F0088A3FE /* Foundation.framework in Frameworks */ = {isa = PBXBuildFile; fileRef = 0E6B80BA176B3A8F0088A3FE /* Foundation.framework */; };
		0E6B80BD176B3A8F0088A3FE /* CoreGraphics.framework in Frameworks */ = {isa = PBXBuildFile; fileRef = 0E6B80BC176B3A8F0088A3FE /* CoreGraphics.framework */; };
		0E6B80BF176B3A8F0088A3FE /* UIKit.framework in Frameworks */ = {isa = PBXBuildFile; fileRef = 0E6B80BE176B3A8F0088A3FE /* UIKit.framework */; };
		0E6B80C5176B3A8F0088A3FE /* InfoPlist.strings in Resources */ = {isa = PBXBuildFile; fileRef = 0E6B80C3176B3A8F0088A3FE /* InfoPlist.strings */; };
		0E6B80C7176B3A8F0088A3FE /* main.m in Sources */ = {isa = PBXBuildFile; fileRef = 0E6B80C6176B3A8F0088A3FE /* main.m */; };
		0E6B80CB176B3A8F0088A3FE /* PJ_AppDelegate.m in Sources */ = {isa = PBXBuildFile; fileRef = 0E6B80CA176B3A8F0088A3FE /* PJ_AppDelegate.m */; };
		0E6B80CE176B3A8F0088A3FE /* Main.storyboard in Resources */ = {isa = PBXBuildFile; fileRef = 0E6B80CC176B3A8F0088A3FE /* Main.storyboard */; };
		0E6B80D3176B3A8F0088A3FE /* Images.xcassets in Resources */ = {isa = PBXBuildFile; fileRef = 0E6B80D2176B3A8F0088A3FE /* Images.xcassets */; };
		0E6B80DA176B3A8F0088A3FE /* XCTest.framework in Frameworks */ = {isa = PBXBuildFile; fileRef = 0E6B80D9176B3A8F0088A3FE /* XCTest.framework */; };
		0E6B80DB176B3A8F0088A3FE /* Foundation.framework in Frameworks */ = {isa = PBXBuildFile; fileRef = 0E6B80BA176B3A8F0088A3FE /* Foundation.framework */; };
		0E6B80DC176B3A8F0088A3FE /* UIKit.framework in Frameworks */ = {isa = PBXBuildFile; fileRef = 0E6B80BE176B3A8F0088A3FE /* UIKit.framework */; };
		0E6B80E4176B3A8F0088A3FE /* InfoPlist.strings in Resources */ = {isa = PBXBuildFile; fileRef = 0E6B80E2176B3A8F0088A3FE /* InfoPlist.strings */; };
		0E6B80E6176B3A8F0088A3FE /* cmypicTests.m in Sources */ = {isa = PBXBuildFile; fileRef = 0E6B80E5176B3A8F0088A3FE /* cmypicTests.m */; };
		0E71DB1C176B85D900360759 /* PJ_SignUpViewController.m in Sources */ = {isa = PBXBuildFile; fileRef = 0E71DB1B176B85D900360759 /* PJ_SignUpViewController.m */; };
		0E7BC41717856AF4001AFC8D /* PJ_RetakeCameraViewController.m in Sources */ = {isa = PBXBuildFile; fileRef = 0E7BC41617856AF4001AFC8D /* PJ_RetakeCameraViewController.m */; };
		0E802C77176B3F5C004466D4 /* Parse.framework in Frameworks */ = {isa = PBXBuildFile; fileRef = 0E802C76176B3F5C004466D4 /* Parse.framework */; };
		0E802C79176B3F9A004466D4 /* AudioToolbox.framework in Frameworks */ = {isa = PBXBuildFile; fileRef = 0E802C78176B3F9A004466D4 /* AudioToolbox.framework */; };
		0E802C7B176B3FA2004466D4 /* CFNetwork.framework in Frameworks */ = {isa = PBXBuildFile; fileRef = 0E802C7A176B3FA2004466D4 /* CFNetwork.framework */; };
		0E802C7D176B3FFD004466D4 /* CoreLocation.framework in Frameworks */ = {isa = PBXBuildFile; fileRef = 0E802C7C176B3FFD004466D4 /* CoreLocation.framework */; };
		0E802C7F176B4007004466D4 /* libz.1.1.3.dylib in Frameworks */ = {isa = PBXBuildFile; fileRef = 0E802C7E176B4007004466D4 /* libz.1.1.3.dylib */; };
		0E802C81176B400E004466D4 /* MobileCoreServices.framework in Frameworks */ = {isa = PBXBuildFile; fileRef = 0E802C80176B400E004466D4 /* MobileCoreServices.framework */; };
		0E802C83176B4015004466D4 /* QuartzCore.framework in Frameworks */ = {isa = PBXBuildFile; fileRef = 0E802C82176B4015004466D4 /* QuartzCore.framework */; };
		0E802C85176B401B004466D4 /* Security.framework in Frameworks */ = {isa = PBXBuildFile; fileRef = 0E802C84176B401B004466D4 /* Security.framework */; };
		0E802C87176B4022004466D4 /* StoreKit.framework in Frameworks */ = {isa = PBXBuildFile; fileRef = 0E802C86176B4022004466D4 /* StoreKit.framework */; };
		0E802C89176B402A004466D4 /* SystemConfiguration.framework in Frameworks */ = {isa = PBXBuildFile; fileRef = 0E802C88176B402A004466D4 /* SystemConfiguration.framework */; };
		0E802C8D176B6C5A004466D4 /* PJ_LoginViewController.m in Sources */ = {isa = PBXBuildFile; fileRef = 0E802C8C176B6C5A004466D4 /* PJ_LoginViewController.m */; };
		0E984DB5178DEC5F007C1C44 /* UIImage+Alpha.m in Sources */ = {isa = PBXBuildFile; fileRef = 0E984DAE178DEC5E007C1C44 /* UIImage+Alpha.m */; };
		0E984DB6178DEC5F007C1C44 /* UIImage+Alpha.m in Sources */ = {isa = PBXBuildFile; fileRef = 0E984DAE178DEC5E007C1C44 /* UIImage+Alpha.m */; };
		0E984DB7178DEC5F007C1C44 /* UIImage+AlphaAdditions.m in Sources */ = {isa = PBXBuildFile; fileRef = 0E984DB0178DEC5E007C1C44 /* UIImage+AlphaAdditions.m */; };
		0E984DB8178DEC5F007C1C44 /* UIImage+AlphaAdditions.m in Sources */ = {isa = PBXBuildFile; fileRef = 0E984DB0178DEC5E007C1C44 /* UIImage+AlphaAdditions.m */; };
		0E984DB9178DEC5F007C1C44 /* UIImage+ResizeAdditions.m in Sources */ = {isa = PBXBuildFile; fileRef = 0E984DB2178DEC5E007C1C44 /* UIImage+ResizeAdditions.m */; };
		0E984DBA178DEC5F007C1C44 /* UIImage+ResizeAdditions.m in Sources */ = {isa = PBXBuildFile; fileRef = 0E984DB2178DEC5E007C1C44 /* UIImage+ResizeAdditions.m */; };
		0E984DBB178DEC5F007C1C44 /* UIImage+RoundedCornerAdditions.m in Sources */ = {isa = PBXBuildFile; fileRef = 0E984DB4178DEC5F007C1C44 /* UIImage+RoundedCornerAdditions.m */; };
		0E984DBC178DEC5F007C1C44 /* UIImage+RoundedCornerAdditions.m in Sources */ = {isa = PBXBuildFile; fileRef = 0E984DB4178DEC5F007C1C44 /* UIImage+RoundedCornerAdditions.m */; };
		0EA05274176C85FF000D010D /* PJ_ProfieEditViewController.m in Sources */ = {isa = PBXBuildFile; fileRef = 0EA05273176C85FF000D010D /* PJ_ProfieEditViewController.m */; };
		0EA052A1176CE8BE000D010D /* WBTabBarController.m in Sources */ = {isa = PBXBuildFile; fileRef = 0EA052A0176CE8BE000D010D /* WBTabBarController.m */; };
		0EA052AF176CE9CB000D010D /* camera_button_take.png in Resources */ = {isa = PBXBuildFile; fileRef = 0EA052AB176CE9CB000D010D /* camera_button_take.png */; };
		0EA052B0176CE9CB000D010D /* camera_button_take@2x.png in Resources */ = {isa = PBXBuildFile; fileRef = 0EA052AC176CE9CB000D010D /* camera_button_take@2x.png */; };
		0EA052B1176CE9CB000D010D /* tabBar_cameraButton_ready_matte.png in Resources */ = {isa = PBXBuildFile; fileRef = 0EA052AD176CE9CB000D010D /* tabBar_cameraButton_ready_matte.png */; };
		0EA052B2176CE9CB000D010D /* tabBar_cameraButton_ready_matte@2x.png in Resources */ = {isa = PBXBuildFile; fileRef = 0EA052AE176CE9CB000D010D /* tabBar_cameraButton_ready_matte@2x.png */; };
		0EA2CF941786F924006AC1A0 /* Scale.xib in Resources */ = {isa = PBXBuildFile; fileRef = 0EA2CF931786F924006AC1A0 /* Scale.xib */; };
		0EA657E41780978D00A28DA7 /* PJ_AddItemToCheckListViewController.m in Sources */ = {isa = PBXBuildFile; fileRef = 0EA657E31780978D00A28DA7 /* PJ_AddItemToCheckListViewController.m */; };
		0EC3CEE9179290710065F5C5 /* MBProgressHUD.m in Sources */ = {isa = PBXBuildFile; fileRef = 0EC3CEE8179290710065F5C5 /* MBProgressHUD.m */; };
		0EC5457E1782C83B002BC375 /* CoreMedia.framework in Frameworks */ = {isa = PBXBuildFile; fileRef = 0EC5457D1782C83B002BC375 /* CoreMedia.framework */; };
		0EC545801782C843002BC375 /* CoreVideo.framework in Frameworks */ = {isa = PBXBuildFile; fileRef = 0EC5457F1782C843002BC375 /* CoreVideo.framework */; };
		0EC545821782C84A002BC375 /* AVFoundation.framework in Frameworks */ = {isa = PBXBuildFile; fileRef = 0EC545811782C84A002BC375 /* AVFoundation.framework */; };
		0EC545841782C851002BC375 /* ImageIO.framework in Frameworks */ = {isa = PBXBuildFile; fileRef = 0EC545831782C851002BC375 /* ImageIO.framework */; };
		0EDDED531779CF6000B7E790 /* MVScrollerClipView.m in Sources */ = {isa = PBXBuildFile; fileRef = 0EDDED4B1779CF6000B7E790 /* MVScrollerClipView.m */; };
		0EDDED541779CF6000B7E790 /* MVSelectorContentView.m in Sources */ = {isa = PBXBuildFile; fileRef = 0EDDED4D1779CF6000B7E790 /* MVSelectorContentView.m */; };
		0EDDED551779CF6000B7E790 /* MVSelectorScrollView.m in Sources */ = {isa = PBXBuildFile; fileRef = 0EDDED4F1779CF6000B7E790 /* MVSelectorScrollView.m */; };
		0EDDED561779CF6000B7E790 /* MVSelectorScrollView.xib in Resources */ = {isa = PBXBuildFile; fileRef = 0EDDED501779CF6000B7E790 /* MVSelectorScrollView.xib */; };
		0EDDED571779CF6000B7E790 /* scroller_bg@2x.png in Resources */ = {isa = PBXBuildFile; fileRef = 0EDDED511779CF6000B7E790 /* scroller_bg@2x.png */; };
		0EDDED581779CF6000B7E790 /* scroller_glass@2x.png in Resources */ = {isa = PBXBuildFile; fileRef = 0EDDED521779CF6000B7E790 /* scroller_glass@2x.png */; };
		0EDDED5D1779CFFE00B7E790 /* PJ_CheckListMainViewController.m in Sources */ = {isa = PBXBuildFile; fileRef = 0EDDED5C1779CFFE00B7E790 /* PJ_CheckListMainViewController.m */; };
		0EDEF114179EA81C0074C35A /* PJ_FindFriendsCell.m in Sources */ = {isa = PBXBuildFile; fileRef = 0EDEF113179EA81B0074C35A /* PJ_FindFriendsCell.m */; };
		0EEC27BC1785D6F400DBA248 /* HFImageEditorFrameView.m in Sources */ = {isa = PBXBuildFile; fileRef = 0EEC27B81785D6F400DBA248 /* HFImageEditorFrameView.m */; };
		0EEC27BD1785D6F400DBA248 /* HFImageEditorViewController.m in Sources */ = {isa = PBXBuildFile; fileRef = 0EEC27BB1785D6F400DBA248 /* HFImageEditorViewController.m */; };
		69451AEF17940260001849D6 /* CG_ProfileFeedViewController.m in Sources */ = {isa = PBXBuildFile; fileRef = 69451AE91794025F001849D6 /* CG_ProfileFeedViewController.m */; };
		69451AF017940260001849D6 /* CG_ProfileFeedViewController.m in Sources */ = {isa = PBXBuildFile; fileRef = 69451AE91794025F001849D6 /* CG_ProfileFeedViewController.m */; };
		69451AF117940260001849D6 /* CG_HomeFeedsViewController.m in Sources */ = {isa = PBXBuildFile; fileRef = 69451AEB1794025F001849D6 /* CG_HomeFeedsViewController.m */; };
		69451AF217940260001849D6 /* CG_HomeFeedsViewController.m in Sources */ = {isa = PBXBuildFile; fileRef = 69451AEB1794025F001849D6 /* CG_HomeFeedsViewController.m */; };
		69451AF317940260001849D6 /* CG_HomeFeedCell.m in Sources */ = {isa = PBXBuildFile; fileRef = 69451AED1794025F001849D6 /* CG_HomeFeedCell.m */; };
		69451AF417940260001849D6 /* CG_HomeFeedCell.m in Sources */ = {isa = PBXBuildFile; fileRef = 69451AED1794025F001849D6 /* CG_HomeFeedCell.m */; };
		69C9705A177E854300B06719 /* CG_NewPostViewController.m in Sources */ = {isa = PBXBuildFile; fileRef = 69C97059177E854300B06719 /* CG_NewPostViewController.m */; };
		69C9705B177E854300B06719 /* CG_NewPostViewController.m in Sources */ = {isa = PBXBuildFile; fileRef = 69C97059177E854300B06719 /* CG_NewPostViewController.m */; };
/* End PBXBuildFile section */

/* Begin PBXContainerItemProxy section */
		0E23C1DD178F24640041DA87 /* PBXContainerItemProxy */ = {
			isa = PBXContainerItemProxy;
			containerPortal = 0E23C1D7178F24640041DA87 /* GPUImage.xcodeproj */;
			proxyType = 2;
			remoteGlobalIDString = BCF1A33414DDB1EC00852800;
			remoteInfo = GPUImage;
		};
		0E23C1DF178F24640041DA87 /* PBXContainerItemProxy */ = {
			isa = PBXContainerItemProxy;
			containerPortal = 0E23C1D7178F24640041DA87 /* GPUImage.xcodeproj */;
			proxyType = 2;
			remoteGlobalIDString = BCF1A34414DDB1EC00852800;
			remoteInfo = GPUImageTests;
		};
		0E23C1E1178F24A10041DA87 /* PBXContainerItemProxy */ = {
			isa = PBXContainerItemProxy;
			containerPortal = 0E23C1D7178F24640041DA87 /* GPUImage.xcodeproj */;
			proxyType = 1;
			remoteGlobalIDString = BCF1A33314DDB1EC00852800;
			remoteInfo = GPUImage;
		};
		0E6B80DD176B3A8F0088A3FE /* PBXContainerItemProxy */ = {
			isa = PBXContainerItemProxy;
			containerPortal = 0E6B80AF176B3A8F0088A3FE /* Project object */;
			proxyType = 1;
			remoteGlobalIDString = 0E6B80B6176B3A8F0088A3FE;
			remoteInfo = cmypic;
		};
/* End PBXContainerItemProxy section */

/* Begin PBXFileReference section */
		0E116D13179FC741000CB4C3 /* PJ_FindFriendController.h */ = {isa = PBXFileReference; fileEncoding = 4; lastKnownFileType = sourcecode.c.h; path = PJ_FindFriendController.h; sourceTree = "<group>"; };
		0E116D14179FC741000CB4C3 /* PJ_FindFriendController.m */ = {isa = PBXFileReference; fileEncoding = 4; lastKnownFileType = sourcecode.c.objc; path = PJ_FindFriendController.m; sourceTree = "<group>"; };
		0E170EC3179A9E6A009EA389 /* MessageUI.framework */ = {isa = PBXFileReference; lastKnownFileType = wrapper.framework; name = MessageUI.framework; path = System/Library/Frameworks/MessageUI.framework; sourceTree = SDKROOT; };
		0E170EC5179A9E79009EA389 /* MapKit.framework */ = {isa = PBXFileReference; lastKnownFileType = wrapper.framework; name = MapKit.framework; path = System/Library/Frameworks/MapKit.framework; sourceTree = SDKROOT; };
		0E170EC7179A9E8B009EA389 /* Twitter.framework */ = {isa = PBXFileReference; lastKnownFileType = wrapper.framework; name = Twitter.framework; path = System/Library/Frameworks/Twitter.framework; sourceTree = SDKROOT; };
		0E170EC9179A9E91009EA389 /* CoreText.framework */ = {isa = PBXFileReference; lastKnownFileType = wrapper.framework; name = CoreText.framework; path = System/Library/Frameworks/CoreText.framework; sourceTree = SDKROOT; };
		0E170ECB179A9E9C009EA389 /* AddressBook.framework */ = {isa = PBXFileReference; lastKnownFileType = wrapper.framework; name = AddressBook.framework; path = System/Library/Frameworks/AddressBook.framework; sourceTree = SDKROOT; };
		0E170ECD179A9EA2009EA389 /* AdSupport.framework */ = {isa = PBXFileReference; lastKnownFileType = wrapper.framework; name = AdSupport.framework; path = System/Library/Frameworks/AdSupport.framework; sourceTree = SDKROOT; };
		0E170ED0179AB0F3009EA389 /* PJ_MoreMainMenuViewController.h */ = {isa = PBXFileReference; fileEncoding = 4; lastKnownFileType = sourcecode.c.h; path = PJ_MoreMainMenuViewController.h; sourceTree = "<group>"; };
		0E170ED1179AB0F3009EA389 /* PJ_MoreMainMenuViewController.m */ = {isa = PBXFileReference; fileEncoding = 4; lastKnownFileType = sourcecode.c.objc; path = PJ_MoreMainMenuViewController.m; sourceTree = "<group>"; };
		0E170ED4179AB6B5009EA389 /* PJ_SuggestedUsersViewController.h */ = {isa = PBXFileReference; fileEncoding = 4; lastKnownFileType = sourcecode.c.h; path = PJ_SuggestedUsersViewController.h; sourceTree = "<group>"; };
		0E170ED5179AB6B5009EA389 /* PJ_SuggestedUsersViewController.m */ = {isa = PBXFileReference; fileEncoding = 4; lastKnownFileType = sourcecode.c.objc; path = PJ_SuggestedUsersViewController.m; sourceTree = "<group>"; };
		0E170EDB179AEC11009EA389 /* PJ_ProfileTabController.h */ = {isa = PBXFileReference; fileEncoding = 4; lastKnownFileType = sourcecode.c.h; path = PJ_ProfileTabController.h; sourceTree = "<group>"; };
		0E170EDC179AEC11009EA389 /* PJ_ProfileTabController.m */ = {isa = PBXFileReference; fileEncoding = 4; lastKnownFileType = sourcecode.c.objc; path = PJ_ProfileTabController.m; sourceTree = "<group>"; };
		0E178B9C177AF510009C06D4 /* PJ_ChecklistModel.h */ = {isa = PBXFileReference; fileEncoding = 4; lastKnownFileType = sourcecode.c.h; path = PJ_ChecklistModel.h; sourceTree = "<group>"; };
		0E178B9D177AF510009C06D4 /* PJ_ChecklistModel.m */ = {isa = PBXFileReference; fileEncoding = 4; lastKnownFileType = sourcecode.c.objc; path = PJ_ChecklistModel.m; sourceTree = "<group>"; };
		0E23C13B178F1FF90041DA87 /* BlurOverlayView.h */ = {isa = PBXFileReference; fileEncoding = 4; lastKnownFileType = sourcecode.c.h; path = BlurOverlayView.h; sourceTree = "<group>"; };
		0E23C13C178F1FF90041DA87 /* BlurOverlayView.m */ = {isa = PBXFileReference; fileEncoding = 4; lastKnownFileType = sourcecode.c.objc; path = BlurOverlayView.m; sourceTree = "<group>"; };
		0E23C13D178F1FF90041DA87 /* DLCImagePickerController.h */ = {isa = PBXFileReference; fileEncoding = 4; lastKnownFileType = sourcecode.c.h; path = DLCImagePickerController.h; sourceTree = "<group>"; };
		0E23C13E178F1FF90041DA87 /* DLCImagePickerController.m */ = {isa = PBXFileReference; fileEncoding = 4; lastKnownFileType = sourcecode.c.objc; path = DLCImagePickerController.m; sourceTree = "<group>"; };
		0E23C13F178F1FF90041DA87 /* GrayscaleContrastFilter.h */ = {isa = PBXFileReference; fileEncoding = 4; lastKnownFileType = sourcecode.c.h; path = GrayscaleContrastFilter.h; sourceTree = "<group>"; };
		0E23C140178F1FF90041DA87 /* GrayscaleContrastFilter.m */ = {isa = PBXFileReference; fileEncoding = 4; lastKnownFileType = sourcecode.c.objc; path = GrayscaleContrastFilter.m; sourceTree = "<group>"; };
		0E23C141178F1FF90041DA87 /* PhotoViewController.h */ = {isa = PBXFileReference; fileEncoding = 4; lastKnownFileType = sourcecode.c.h; path = PhotoViewController.h; sourceTree = "<group>"; };
		0E23C142178F1FF90041DA87 /* PhotoViewController.m */ = {isa = PBXFileReference; fileEncoding = 4; lastKnownFileType = sourcecode.c.objc; path = PhotoViewController.m; sourceTree = "<group>"; };
		0E23C145178F1FF90041DA87 /* 1.jpg */ = {isa = PBXFileReference; lastKnownFileType = image.jpeg; path = 1.jpg; sourceTree = "<group>"; };
		0E23C146178F1FF90041DA87 /* 10.jpg */ = {isa = PBXFileReference; lastKnownFileType = image.jpeg; path = 10.jpg; sourceTree = "<group>"; };
		0E23C147178F1FF90041DA87 /* 10@2x.jpg */ = {isa = PBXFileReference; lastKnownFileType = image.jpeg; path = "10@2x.jpg"; sourceTree = "<group>"; };
		0E23C148178F1FF90041DA87 /* 1@2x.jpg */ = {isa = PBXFileReference; lastKnownFileType = image.jpeg; path = "1@2x.jpg"; sourceTree = "<group>"; };
		0E23C149178F1FF90041DA87 /* 2.jpg */ = {isa = PBXFileReference; lastKnownFileType = image.jpeg; path = 2.jpg; sourceTree = "<group>"; };
		0E23C14A178F1FF90041DA87 /* 2@2x.jpg */ = {isa = PBXFileReference; lastKnownFileType = image.jpeg; path = "2@2x.jpg"; sourceTree = "<group>"; };
		0E23C14B178F1FF90041DA87 /* 3.jpg */ = {isa = PBXFileReference; lastKnownFileType = image.jpeg; path = 3.jpg; sourceTree = "<group>"; };
		0E23C14C178F1FF90041DA87 /* 3@2x.jpg */ = {isa = PBXFileReference; lastKnownFileType = image.jpeg; path = "3@2x.jpg"; sourceTree = "<group>"; };
		0E23C14D178F1FF90041DA87 /* 4.jpg */ = {isa = PBXFileReference; lastKnownFileType = image.jpeg; path = 4.jpg; sourceTree = "<group>"; };
		0E23C14E178F1FF90041DA87 /* 4@2x.jpg */ = {isa = PBXFileReference; lastKnownFileType = image.jpeg; path = "4@2x.jpg"; sourceTree = "<group>"; };
		0E23C14F178F1FF90041DA87 /* 5.jpg */ = {isa = PBXFileReference; lastKnownFileType = image.jpeg; path = 5.jpg; sourceTree = "<group>"; };
		0E23C150178F1FF90041DA87 /* 5@2x.jpg */ = {isa = PBXFileReference; lastKnownFileType = image.jpeg; path = "5@2x.jpg"; sourceTree = "<group>"; };
		0E23C151178F1FF90041DA87 /* 6.jpg */ = {isa = PBXFileReference; lastKnownFileType = image.jpeg; path = 6.jpg; sourceTree = "<group>"; };
		0E23C152178F1FF90041DA87 /* 6@2x.jpg */ = {isa = PBXFileReference; lastKnownFileType = image.jpeg; path = "6@2x.jpg"; sourceTree = "<group>"; };
		0E23C153178F1FF90041DA87 /* 7.jpg */ = {isa = PBXFileReference; lastKnownFileType = image.jpeg; path = 7.jpg; sourceTree = "<group>"; };
		0E23C154178F1FF90041DA87 /* 7@2x.jpg */ = {isa = PBXFileReference; lastKnownFileType = image.jpeg; path = "7@2x.jpg"; sourceTree = "<group>"; };
		0E23C155178F1FF90041DA87 /* 8.jpg */ = {isa = PBXFileReference; lastKnownFileType = image.jpeg; path = 8.jpg; sourceTree = "<group>"; };
		0E23C156178F1FF90041DA87 /* 8@2x.jpg */ = {isa = PBXFileReference; lastKnownFileType = image.jpeg; path = "8@2x.jpg"; sourceTree = "<group>"; };
		0E23C157178F1FF90041DA87 /* 9.jpg */ = {isa = PBXFileReference; lastKnownFileType = image.jpeg; path = 9.jpg; sourceTree = "<group>"; };
		0E23C158178F1FF90041DA87 /* 9@2x.jpg */ = {isa = PBXFileReference; lastKnownFileType = image.jpeg; path = "9@2x.jpg"; sourceTree = "<group>"; };
		0E23C15A178F1FF90041DA87 /* blackframe.png */ = {isa = PBXFileReference; lastKnownFileType = image.png; path = blackframe.png; sourceTree = "<group>"; };
		0E23C15B178F1FF90041DA87 /* mask.png */ = {isa = PBXFileReference; lastKnownFileType = image.png; path = mask.png; sourceTree = "<group>"; };
		0E23C15D178F1FF90041DA87 /* sample1.jpg */ = {isa = PBXFileReference; lastKnownFileType = image.jpeg; path = sample1.jpg; sourceTree = "<group>"; };
		0E23C15F178F1FF90041DA87 /* blur-on.png */ = {isa = PBXFileReference; lastKnownFileType = image.png; path = "blur-on.png"; sourceTree = "<group>"; };
		0E23C160178F1FF90041DA87 /* blur-on@2x.png */ = {isa = PBXFileReference; lastKnownFileType = image.png; path = "blur-on@2x.png"; sourceTree = "<group>"; };
		0E23C161178F1FF90041DA87 /* blur.png */ = {isa = PBXFileReference; lastKnownFileType = image.png; path = blur.png; sourceTree = "<group>"; };
		0E23C162178F1FF90041DA87 /* blur@2x.png */ = {isa = PBXFileReference; lastKnownFileType = image.png; path = "blur@2x.png"; sourceTree = "<group>"; };
		0E23C163178F1FF90041DA87 /* camera-button.png */ = {isa = PBXFileReference; lastKnownFileType = image.png; path = "camera-button.png"; sourceTree = "<group>"; };
		0E23C164178F1FF90041DA87 /* camera-button@2x.png */ = {isa = PBXFileReference; lastKnownFileType = image.png; path = "camera-button@2x.png"; sourceTree = "<group>"; };
		0E23C165178F1FF90041DA87 /* camera-icon.png */ = {isa = PBXFileReference; lastKnownFileType = image.png; path = "camera-icon.png"; sourceTree = "<group>"; };
		0E23C166178F1FF90041DA87 /* camera-icon@2x.png */ = {isa = PBXFileReference; lastKnownFileType = image.png; path = "camera-icon@2x.png"; sourceTree = "<group>"; };
		0E23C167178F1FF90041DA87 /* close.png */ = {isa = PBXFileReference; lastKnownFileType = image.png; path = close.png; sourceTree = "<group>"; };
		0E23C168178F1FF90041DA87 /* close@2x.png */ = {isa = PBXFileReference; lastKnownFileType = image.png; path = "close@2x.png"; sourceTree = "<group>"; };
		0E23C169178F1FF90041DA87 /* dock_bg.png */ = {isa = PBXFileReference; lastKnownFileType = image.png; path = dock_bg.png; sourceTree = "<group>"; };
		0E23C16A178F1FF90041DA87 /* dock_bg@2x.png */ = {isa = PBXFileReference; lastKnownFileType = image.png; path = "dock_bg@2x.png"; sourceTree = "<group>"; };
		0E23C16B178F1FF90041DA87 /* filter-close.png */ = {isa = PBXFileReference; lastKnownFileType = image.png; path = "filter-close.png"; sourceTree = "<group>"; };
		0E23C16C178F1FF90041DA87 /* filter-close@2x.png */ = {isa = PBXFileReference; lastKnownFileType = image.png; path = "filter-close@2x.png"; sourceTree = "<group>"; };
		0E23C16D178F1FF90041DA87 /* filter-open.png */ = {isa = PBXFileReference; lastKnownFileType = image.png; path = "filter-open.png"; sourceTree = "<group>"; };
		0E23C16E178F1FF90041DA87 /* filter-open@2x.png */ = {isa = PBXFileReference; lastKnownFileType = image.png; path = "filter-open@2x.png"; sourceTree = "<group>"; };
		0E23C16F178F1FF90041DA87 /* filter.png */ = {isa = PBXFileReference; lastKnownFileType = image.png; path = filter.png; sourceTree = "<group>"; };
		0E23C170178F1FF90041DA87 /* filter@2x.png */ = {isa = PBXFileReference; lastKnownFileType = image.png; path = "filter@2x.png"; sourceTree = "<group>"; };
		0E23C171178F1FF90041DA87 /* flash-auto.png */ = {isa = PBXFileReference; lastKnownFileType = image.png; path = "flash-auto.png"; sourceTree = "<group>"; };
		0E23C172178F1FF90041DA87 /* flash-auto@2x.png */ = {isa = PBXFileReference; lastKnownFileType = image.png; path = "flash-auto@2x.png"; sourceTree = "<group>"; };
		0E23C173178F1FF90041DA87 /* flash-off.png */ = {isa = PBXFileReference; lastKnownFileType = image.png; path = "flash-off.png"; sourceTree = "<group>"; };
		0E23C174178F1FF90041DA87 /* flash-off@2x.png */ = {isa = PBXFileReference; lastKnownFileType = image.png; path = "flash-off@2x.png"; sourceTree = "<group>"; };
		0E23C175178F1FF90041DA87 /* flash.png */ = {isa = PBXFileReference; lastKnownFileType = image.png; path = flash.png; sourceTree = "<group>"; };
		0E23C176178F1FF90041DA87 /* flash@2x.png */ = {isa = PBXFileReference; lastKnownFileType = image.png; path = "flash@2x.png"; sourceTree = "<group>"; };
		0E23C177178F1FF90041DA87 /* focus-crosshair.png */ = {isa = PBXFileReference; lastKnownFileType = image.png; path = "focus-crosshair.png"; sourceTree = "<group>"; };
		0E23C178178F1FF90041DA87 /* focus-crosshair@2x.png */ = {isa = PBXFileReference; lastKnownFileType = image.png; path = "focus-crosshair@2x.png"; sourceTree = "<group>"; };
		0E23C179178F1FF90041DA87 /* front-camera.png */ = {isa = PBXFileReference; lastKnownFileType = image.png; path = "front-camera.png"; sourceTree = "<group>"; };
		0E23C17A178F1FF90041DA87 /* front-camera@2x.png */ = {isa = PBXFileReference; lastKnownFileType = image.png; path = "front-camera@2x.png"; sourceTree = "<group>"; };
		0E23C17B178F1FF90041DA87 /* library.png */ = {isa = PBXFileReference; lastKnownFileType = image.png; path = library.png; sourceTree = "<group>"; };
		0E23C17C178F1FF90041DA87 /* library@2x.png */ = {isa = PBXFileReference; lastKnownFileType = image.png; path = "library@2x.png"; sourceTree = "<group>"; };
		0E23C17D178F1FF90041DA87 /* micro_carbon.png */ = {isa = PBXFileReference; lastKnownFileType = image.png; path = micro_carbon.png; sourceTree = "<group>"; };
		0E23C17E178F1FF90041DA87 /* micro_carbon@2x.png */ = {isa = PBXFileReference; lastKnownFileType = image.png; path = "micro_carbon@2x.png"; sourceTree = "<group>"; };
		0E23C17F178F1FF90041DA87 /* photo_bar.png */ = {isa = PBXFileReference; lastKnownFileType = image.png; path = photo_bar.png; sourceTree = "<group>"; };
		0E23C180178F1FF90041DA87 /* photo_bar@2x.png */ = {isa = PBXFileReference; lastKnownFileType = image.png; path = "photo_bar@2x.png"; sourceTree = "<group>"; };
		0E23C181178F1FF90041DA87 /* LICENSE */ = {isa = PBXFileReference; fileEncoding = 4; lastKnownFileType = text; path = LICENSE; sourceTree = "<group>"; };
		0E23C183178F1FF90041DA87 /* DLCImagePicker.xib */ = {isa = PBXFileReference; fileEncoding = 4; lastKnownFileType = file.xib; path = DLCImagePicker.xib; sourceTree = "<group>"; };
		0E23C185178F1FF90041DA87 /* 02.acv */ = {isa = PBXFileReference; lastKnownFileType = file; path = 02.acv; sourceTree = "<group>"; };
		0E23C186178F1FF90041DA87 /* 06.acv */ = {isa = PBXFileReference; lastKnownFileType = file; path = 06.acv; sourceTree = "<group>"; };
		0E23C187178F1FF90041DA87 /* 17.acv */ = {isa = PBXFileReference; lastKnownFileType = file; path = 17.acv; sourceTree = "<group>"; };
		0E23C188178F1FF90041DA87 /* aqua.acv */ = {isa = PBXFileReference; lastKnownFileType = file; path = aqua.acv; sourceTree = "<group>"; };
		0E23C189178F1FF90041DA87 /* crossprocess.acv */ = {isa = PBXFileReference; lastKnownFileType = file; path = crossprocess.acv; sourceTree = "<group>"; };
		0E23C18A178F1FF90041DA87 /* purple-green.acv */ = {isa = PBXFileReference; lastKnownFileType = file; path = "purple-green.acv"; sourceTree = "<group>"; };
		0E23C18B178F1FF90041DA87 /* yellow-red.acv */ = {isa = PBXFileReference; lastKnownFileType = file; path = "yellow-red.acv"; sourceTree = "<group>"; };
		0E23C1D7178F24640041DA87 /* GPUImage.xcodeproj */ = {isa = PBXFileReference; lastKnownFileType = "wrapper.pb-project"; name = GPUImage.xcodeproj; path = "../../Downloads/GPUImage-master-2/framework/GPUImage.xcodeproj"; sourceTree = "<group>"; };
		0E40E43B1782E90400A75B6D /* PJ_CameraViewController.h */ = {isa = PBXFileReference; fileEncoding = 4; lastKnownFileType = sourcecode.c.h; path = PJ_CameraViewController.h; sourceTree = "<group>"; };
		0E40E43C1782E90400A75B6D /* PJ_CameraViewController.m */ = {isa = PBXFileReference; fileEncoding = 4; lastKnownFileType = sourcecode.c.objc; path = PJ_CameraViewController.m; sourceTree = "<group>"; };
		0E4FD495178DC7470076BC00 /* photo.jpg */ = {isa = PBXFileReference; lastKnownFileType = image.jpeg; path = photo.jpg; sourceTree = "<group>"; };
		0E6B80B7176B3A8F0088A3FE /* cmypic.app */ = {isa = PBXFileReference; explicitFileType = wrapper.application; includeInIndex = 0; path = cmypic.app; sourceTree = BUILT_PRODUCTS_DIR; };
		0E6B80BA176B3A8F0088A3FE /* Foundation.framework */ = {isa = PBXFileReference; lastKnownFileType = wrapper.framework; name = Foundation.framework; path = System/Library/Frameworks/Foundation.framework; sourceTree = SDKROOT; };
		0E6B80BC176B3A8F0088A3FE /* CoreGraphics.framework */ = {isa = PBXFileReference; lastKnownFileType = wrapper.framework; name = CoreGraphics.framework; path = System/Library/Frameworks/CoreGraphics.framework; sourceTree = SDKROOT; };
		0E6B80BE176B3A8F0088A3FE /* UIKit.framework */ = {isa = PBXFileReference; lastKnownFileType = wrapper.framework; name = UIKit.framework; path = System/Library/Frameworks/UIKit.framework; sourceTree = SDKROOT; };
		0E6B80C2176B3A8F0088A3FE /* cmypic-Info.plist */ = {isa = PBXFileReference; lastKnownFileType = text.plist.xml; path = "cmypic-Info.plist"; sourceTree = "<group>"; };
		0E6B80C4176B3A8F0088A3FE /* en */ = {isa = PBXFileReference; lastKnownFileType = text.plist.strings; name = en; path = en.lproj/InfoPlist.strings; sourceTree = "<group>"; };
		0E6B80C6176B3A8F0088A3FE /* main.m */ = {isa = PBXFileReference; lastKnownFileType = sourcecode.c.objc; path = main.m; sourceTree = "<group>"; };
		0E6B80C8176B3A8F0088A3FE /* cmypic-Prefix.pch */ = {isa = PBXFileReference; lastKnownFileType = sourcecode.c.h; path = "cmypic-Prefix.pch"; sourceTree = "<group>"; };
		0E6B80C9176B3A8F0088A3FE /* PJ_AppDelegate.h */ = {isa = PBXFileReference; lastKnownFileType = sourcecode.c.h; path = PJ_AppDelegate.h; sourceTree = "<group>"; };
		0E6B80CA176B3A8F0088A3FE /* PJ_AppDelegate.m */ = {isa = PBXFileReference; lastKnownFileType = sourcecode.c.objc; path = PJ_AppDelegate.m; sourceTree = "<group>"; };
		0E6B80CD176B3A8F0088A3FE /* Base */ = {isa = PBXFileReference; lastKnownFileType = file.storyboard; name = Base; path = Base.lproj/Main.storyboard; sourceTree = "<group>"; };
		0E6B80D2176B3A8F0088A3FE /* Images.xcassets */ = {isa = PBXFileReference; lastKnownFileType = folder.assetcatalog; path = Images.xcassets; sourceTree = "<group>"; };
		0E6B80D8176B3A8F0088A3FE /* cmypicTests.xctest */ = {isa = PBXFileReference; explicitFileType = wrapper.cfbundle; includeInIndex = 0; path = cmypicTests.xctest; sourceTree = BUILT_PRODUCTS_DIR; };
		0E6B80D9176B3A8F0088A3FE /* XCTest.framework */ = {isa = PBXFileReference; lastKnownFileType = wrapper.framework; name = XCTest.framework; path = Library/Frameworks/XCTest.framework; sourceTree = DEVELOPER_DIR; };
		0E6B80E1176B3A8F0088A3FE /* cmypicTests-Info.plist */ = {isa = PBXFileReference; lastKnownFileType = text.plist.xml; path = "cmypicTests-Info.plist"; sourceTree = "<group>"; };
		0E6B80E3176B3A8F0088A3FE /* en */ = {isa = PBXFileReference; lastKnownFileType = text.plist.strings; name = en; path = en.lproj/InfoPlist.strings; sourceTree = "<group>"; };
		0E6B80E5176B3A8F0088A3FE /* cmypicTests.m */ = {isa = PBXFileReference; lastKnownFileType = sourcecode.c.objc; path = cmypicTests.m; sourceTree = "<group>"; };
		0E71DB1A176B85D900360759 /* PJ_SignUpViewController.h */ = {isa = PBXFileReference; fileEncoding = 4; lastKnownFileType = sourcecode.c.h; path = PJ_SignUpViewController.h; sourceTree = "<group>"; };
		0E71DB1B176B85D900360759 /* PJ_SignUpViewController.m */ = {isa = PBXFileReference; fileEncoding = 4; lastKnownFileType = sourcecode.c.objc; path = PJ_SignUpViewController.m; sourceTree = "<group>"; };
		0E7BC41517856AF4001AFC8D /* PJ_RetakeCameraViewController.h */ = {isa = PBXFileReference; fileEncoding = 4; lastKnownFileType = sourcecode.c.h; path = PJ_RetakeCameraViewController.h; sourceTree = "<group>"; };
		0E7BC41617856AF4001AFC8D /* PJ_RetakeCameraViewController.m */ = {isa = PBXFileReference; fileEncoding = 4; lastKnownFileType = sourcecode.c.objc; path = PJ_RetakeCameraViewController.m; sourceTree = "<group>"; };
		0E802C76176B3F5C004466D4 /* Parse.framework */ = {isa = PBXFileReference; lastKnownFileType = wrapper.framework; path = Parse.framework; sourceTree = "<group>"; };
		0E802C78176B3F9A004466D4 /* AudioToolbox.framework */ = {isa = PBXFileReference; lastKnownFileType = wrapper.framework; name = AudioToolbox.framework; path = System/Library/Frameworks/AudioToolbox.framework; sourceTree = SDKROOT; };
		0E802C7A176B3FA2004466D4 /* CFNetwork.framework */ = {isa = PBXFileReference; lastKnownFileType = wrapper.framework; name = CFNetwork.framework; path = System/Library/Frameworks/CFNetwork.framework; sourceTree = SDKROOT; };
		0E802C7C176B3FFD004466D4 /* CoreLocation.framework */ = {isa = PBXFileReference; lastKnownFileType = wrapper.framework; name = CoreLocation.framework; path = System/Library/Frameworks/CoreLocation.framework; sourceTree = SDKROOT; };
		0E802C7E176B4007004466D4 /* libz.1.1.3.dylib */ = {isa = PBXFileReference; lastKnownFileType = "compiled.mach-o.dylib"; name = libz.1.1.3.dylib; path = usr/lib/libz.1.1.3.dylib; sourceTree = SDKROOT; };
		0E802C80176B400E004466D4 /* MobileCoreServices.framework */ = {isa = PBXFileReference; lastKnownFileType = wrapper.framework; name = MobileCoreServices.framework; path = System/Library/Frameworks/MobileCoreServices.framework; sourceTree = SDKROOT; };
		0E802C82176B4015004466D4 /* QuartzCore.framework */ = {isa = PBXFileReference; lastKnownFileType = wrapper.framework; name = QuartzCore.framework; path = System/Library/Frameworks/QuartzCore.framework; sourceTree = SDKROOT; };
		0E802C84176B401B004466D4 /* Security.framework */ = {isa = PBXFileReference; lastKnownFileType = wrapper.framework; name = Security.framework; path = System/Library/Frameworks/Security.framework; sourceTree = SDKROOT; };
		0E802C86176B4022004466D4 /* StoreKit.framework */ = {isa = PBXFileReference; lastKnownFileType = wrapper.framework; name = StoreKit.framework; path = System/Library/Frameworks/StoreKit.framework; sourceTree = SDKROOT; };
		0E802C88176B402A004466D4 /* SystemConfiguration.framework */ = {isa = PBXFileReference; lastKnownFileType = wrapper.framework; name = SystemConfiguration.framework; path = System/Library/Frameworks/SystemConfiguration.framework; sourceTree = SDKROOT; };
		0E802C8B176B6C5A004466D4 /* PJ_LoginViewController.h */ = {isa = PBXFileReference; fileEncoding = 4; lastKnownFileType = sourcecode.c.h; path = PJ_LoginViewController.h; sourceTree = "<group>"; };
		0E802C8C176B6C5A004466D4 /* PJ_LoginViewController.m */ = {isa = PBXFileReference; fileEncoding = 4; lastKnownFileType = sourcecode.c.objc; path = PJ_LoginViewController.m; sourceTree = "<group>"; };
		0E984DAE178DEC5E007C1C44 /* UIImage+Alpha.m */ = {isa = PBXFileReference; fileEncoding = 4; lastKnownFileType = sourcecode.c.objc; path = "UIImage+Alpha.m"; sourceTree = "<group>"; };
		0E984DAF178DEC5E007C1C44 /* UIImage+AlphaAdditions.h */ = {isa = PBXFileReference; fileEncoding = 4; lastKnownFileType = sourcecode.c.h; path = "UIImage+AlphaAdditions.h"; sourceTree = "<group>"; };
		0E984DB0178DEC5E007C1C44 /* UIImage+AlphaAdditions.m */ = {isa = PBXFileReference; fileEncoding = 4; lastKnownFileType = sourcecode.c.objc; path = "UIImage+AlphaAdditions.m"; sourceTree = "<group>"; };
		0E984DB1178DEC5E007C1C44 /* UIImage+ResizeAdditions.h */ = {isa = PBXFileReference; fileEncoding = 4; lastKnownFileType = sourcecode.c.h; path = "UIImage+ResizeAdditions.h"; sourceTree = "<group>"; };
		0E984DB2178DEC5E007C1C44 /* UIImage+ResizeAdditions.m */ = {isa = PBXFileReference; fileEncoding = 4; lastKnownFileType = sourcecode.c.objc; path = "UIImage+ResizeAdditions.m"; sourceTree = "<group>"; };
		0E984DB3178DEC5E007C1C44 /* UIImage+RoundedCornerAdditions.h */ = {isa = PBXFileReference; fileEncoding = 4; lastKnownFileType = sourcecode.c.h; path = "UIImage+RoundedCornerAdditions.h"; sourceTree = "<group>"; };
		0E984DB4178DEC5F007C1C44 /* UIImage+RoundedCornerAdditions.m */ = {isa = PBXFileReference; fileEncoding = 4; lastKnownFileType = sourcecode.c.objc; path = "UIImage+RoundedCornerAdditions.m"; sourceTree = "<group>"; };
		0E984DBE178DECBC007C1C44 /* UIImage+Alpha.h */ = {isa = PBXFileReference; fileEncoding = 4; lastKnownFileType = sourcecode.c.h; path = "UIImage+Alpha.h"; sourceTree = "<group>"; };
		0EA05272176C85FF000D010D /* PJ_ProfieEditViewController.h */ = {isa = PBXFileReference; fileEncoding = 4; lastKnownFileType = sourcecode.c.h; path = PJ_ProfieEditViewController.h; sourceTree = "<group>"; };
		0EA05273176C85FF000D010D /* PJ_ProfieEditViewController.m */ = {isa = PBXFileReference; fileEncoding = 4; lastKnownFileType = sourcecode.c.objc; path = PJ_ProfieEditViewController.m; sourceTree = "<group>"; };
		0EA0529F176CE8BE000D010D /* WBTabBarController.h */ = {isa = PBXFileReference; fileEncoding = 4; lastKnownFileType = sourcecode.c.h; path = WBTabBarController.h; sourceTree = "<group>"; };
		0EA052A0176CE8BE000D010D /* WBTabBarController.m */ = {isa = PBXFileReference; fileEncoding = 4; lastKnownFileType = sourcecode.c.objc; path = WBTabBarController.m; sourceTree = "<group>"; };
		0EA052AB176CE9CB000D010D /* camera_button_take.png */ = {isa = PBXFileReference; lastKnownFileType = image.png; path = camera_button_take.png; sourceTree = "<group>"; };
		0EA052AC176CE9CB000D010D /* camera_button_take@2x.png */ = {isa = PBXFileReference; lastKnownFileType = image.png; path = "camera_button_take@2x.png"; sourceTree = "<group>"; };
		0EA052AD176CE9CB000D010D /* tabBar_cameraButton_ready_matte.png */ = {isa = PBXFileReference; lastKnownFileType = image.png; path = tabBar_cameraButton_ready_matte.png; sourceTree = "<group>"; };
		0EA052AE176CE9CB000D010D /* tabBar_cameraButton_ready_matte@2x.png */ = {isa = PBXFileReference; lastKnownFileType = image.png; path = "tabBar_cameraButton_ready_matte@2x.png"; sourceTree = "<group>"; };
		0EA2CF931786F924006AC1A0 /* Scale.xib */ = {isa = PBXFileReference; fileEncoding = 4; lastKnownFileType = file.xib; path = Scale.xib; sourceTree = "<group>"; };
		0EA657E21780978D00A28DA7 /* PJ_AddItemToCheckListViewController.h */ = {isa = PBXFileReference; fileEncoding = 4; lastKnownFileType = sourcecode.c.h; path = PJ_AddItemToCheckListViewController.h; sourceTree = "<group>"; };
		0EA657E31780978D00A28DA7 /* PJ_AddItemToCheckListViewController.m */ = {isa = PBXFileReference; fileEncoding = 4; lastKnownFileType = sourcecode.c.objc; path = PJ_AddItemToCheckListViewController.m; sourceTree = "<group>"; };
		0EC3CEE7179290710065F5C5 /* MBProgressHUD.h */ = {isa = PBXFileReference; fileEncoding = 4; lastKnownFileType = sourcecode.c.h; path = MBProgressHUD.h; sourceTree = "<group>"; };
		0EC3CEE8179290710065F5C5 /* MBProgressHUD.m */ = {isa = PBXFileReference; fileEncoding = 4; lastKnownFileType = sourcecode.c.objc; path = MBProgressHUD.m; sourceTree = "<group>"; };
		0EC5457D1782C83B002BC375 /* CoreMedia.framework */ = {isa = PBXFileReference; lastKnownFileType = wrapper.framework; name = CoreMedia.framework; path = System/Library/Frameworks/CoreMedia.framework; sourceTree = SDKROOT; };
		0EC5457F1782C843002BC375 /* CoreVideo.framework */ = {isa = PBXFileReference; lastKnownFileType = wrapper.framework; name = CoreVideo.framework; path = System/Library/Frameworks/CoreVideo.framework; sourceTree = SDKROOT; };
		0EC545811782C84A002BC375 /* AVFoundation.framework */ = {isa = PBXFileReference; lastKnownFileType = wrapper.framework; name = AVFoundation.framework; path = System/Library/Frameworks/AVFoundation.framework; sourceTree = SDKROOT; };
		0EC545831782C851002BC375 /* ImageIO.framework */ = {isa = PBXFileReference; lastKnownFileType = wrapper.framework; name = ImageIO.framework; path = System/Library/Frameworks/ImageIO.framework; sourceTree = SDKROOT; };
		0EDDED4A1779CF6000B7E790 /* MVScrollerClipView.h */ = {isa = PBXFileReference; fileEncoding = 4; lastKnownFileType = sourcecode.c.h; path = MVScrollerClipView.h; sourceTree = "<group>"; };
		0EDDED4B1779CF6000B7E790 /* MVScrollerClipView.m */ = {isa = PBXFileReference; fileEncoding = 4; lastKnownFileType = sourcecode.c.objc; path = MVScrollerClipView.m; sourceTree = "<group>"; };
		0EDDED4C1779CF6000B7E790 /* MVSelectorContentView.h */ = {isa = PBXFileReference; fileEncoding = 4; lastKnownFileType = sourcecode.c.h; path = MVSelectorContentView.h; sourceTree = "<group>"; };
		0EDDED4D1779CF6000B7E790 /* MVSelectorContentView.m */ = {isa = PBXFileReference; fileEncoding = 4; lastKnownFileType = sourcecode.c.objc; path = MVSelectorContentView.m; sourceTree = "<group>"; };
		0EDDED4E1779CF6000B7E790 /* MVSelectorScrollView.h */ = {isa = PBXFileReference; fileEncoding = 4; lastKnownFileType = sourcecode.c.h; path = MVSelectorScrollView.h; sourceTree = "<group>"; };
		0EDDED4F1779CF6000B7E790 /* MVSelectorScrollView.m */ = {isa = PBXFileReference; fileEncoding = 4; lastKnownFileType = sourcecode.c.objc; path = MVSelectorScrollView.m; sourceTree = "<group>"; };
		0EDDED501779CF6000B7E790 /* MVSelectorScrollView.xib */ = {isa = PBXFileReference; fileEncoding = 4; lastKnownFileType = file.xib; path = MVSelectorScrollView.xib; sourceTree = "<group>"; };
		0EDDED511779CF6000B7E790 /* scroller_bg@2x.png */ = {isa = PBXFileReference; lastKnownFileType = image.png; path = "scroller_bg@2x.png"; sourceTree = "<group>"; };
		0EDDED521779CF6000B7E790 /* scroller_glass@2x.png */ = {isa = PBXFileReference; lastKnownFileType = image.png; path = "scroller_glass@2x.png"; sourceTree = "<group>"; };
		0EDDED5B1779CFFE00B7E790 /* PJ_CheckListMainViewController.h */ = {isa = PBXFileReference; fileEncoding = 4; lastKnownFileType = sourcecode.c.h; path = PJ_CheckListMainViewController.h; sourceTree = "<group>"; };
		0EDDED5C1779CFFE00B7E790 /* PJ_CheckListMainViewController.m */ = {isa = PBXFileReference; fileEncoding = 4; lastKnownFileType = sourcecode.c.objc; path = PJ_CheckListMainViewController.m; sourceTree = "<group>"; };
		0EDEF112179EA81B0074C35A /* PJ_FindFriendsCell.h */ = {isa = PBXFileReference; fileEncoding = 4; lastKnownFileType = sourcecode.c.h; path = PJ_FindFriendsCell.h; sourceTree = "<group>"; };
		0EDEF113179EA81B0074C35A /* PJ_FindFriendsCell.m */ = {isa = PBXFileReference; fileEncoding = 4; lastKnownFileType = sourcecode.c.objc; path = PJ_FindFriendsCell.m; sourceTree = "<group>"; };
		0EEC27B71785D6F400DBA248 /* HFImageEditorFrameView.h */ = {isa = PBXFileReference; fileEncoding = 4; lastKnownFileType = sourcecode.c.h; path = HFImageEditorFrameView.h; sourceTree = "<group>"; };
		0EEC27B81785D6F400DBA248 /* HFImageEditorFrameView.m */ = {isa = PBXFileReference; fileEncoding = 4; lastKnownFileType = sourcecode.c.objc; path = HFImageEditorFrameView.m; sourceTree = "<group>"; };
		0EEC27B91785D6F400DBA248 /* HFImageEditorViewController+SubclassingHooks.h */ = {isa = PBXFileReference; fileEncoding = 4; lastKnownFileType = sourcecode.c.h; path = "HFImageEditorViewController+SubclassingHooks.h"; sourceTree = "<group>"; };
		0EEC27BA1785D6F400DBA248 /* HFImageEditorViewController.h */ = {isa = PBXFileReference; fileEncoding = 4; lastKnownFileType = sourcecode.c.h; path = HFImageEditorViewController.h; sourceTree = "<group>"; };
		0EEC27BB1785D6F400DBA248 /* HFImageEditorViewController.m */ = {isa = PBXFileReference; fileEncoding = 4; lastKnownFileType = sourcecode.c.objc; path = HFImageEditorViewController.m; sourceTree = "<group>"; };
		69451AE91794025F001849D6 /* CG_ProfileFeedViewController.m */ = {isa = PBXFileReference; fileEncoding = 4; lastKnownFileType = sourcecode.c.objc; path = CG_ProfileFeedViewController.m; sourceTree = "<group>"; };
		69451AEA1794025F001849D6 /* CG_ProfileFeedViewController.h */ = {isa = PBXFileReference; fileEncoding = 4; lastKnownFileType = sourcecode.c.h; path = CG_ProfileFeedViewController.h; sourceTree = "<group>"; };
		69451AEB1794025F001849D6 /* CG_HomeFeedsViewController.m */ = {isa = PBXFileReference; fileEncoding = 4; lastKnownFileType = sourcecode.c.objc; path = CG_HomeFeedsViewController.m; sourceTree = "<group>"; };
		69451AEC1794025F001849D6 /* CG_HomeFeedsViewController.h */ = {isa = PBXFileReference; fileEncoding = 4; lastKnownFileType = sourcecode.c.h; path = CG_HomeFeedsViewController.h; sourceTree = "<group>"; };
		69451AED1794025F001849D6 /* CG_HomeFeedCell.m */ = {isa = PBXFileReference; fileEncoding = 4; lastKnownFileType = sourcecode.c.objc; path = CG_HomeFeedCell.m; sourceTree = "<group>"; };
		69451AEE17940260001849D6 /* CG_HomeFeedCell.h */ = {isa = PBXFileReference; fileEncoding = 4; lastKnownFileType = sourcecode.c.h; path = CG_HomeFeedCell.h; sourceTree = "<group>"; };
		69C97058177E854300B06719 /* CG_NewPostViewController.h */ = {isa = PBXFileReference; fileEncoding = 4; lastKnownFileType = sourcecode.c.h; path = CG_NewPostViewController.h; sourceTree = "<group>"; };
		69C97059177E854300B06719 /* CG_NewPostViewController.m */ = {isa = PBXFileReference; fileEncoding = 4; lastKnownFileType = sourcecode.c.objc; path = CG_NewPostViewController.m; sourceTree = "<group>"; };
/* End PBXFileReference section */

/* Begin PBXFrameworksBuildPhase section */
		0E6B80B4176B3A8F0088A3FE /* Frameworks */ = {
			isa = PBXFrameworksBuildPhase;
			buildActionMask = 2147483647;
			files = (
				0E802C81176B400E004466D4 /* MobileCoreServices.framework in Frameworks */,
				0E170ECE179A9EA2009EA389 /* AdSupport.framework in Frameworks */,
				0E170ECC179A9E9C009EA389 /* AddressBook.framework in Frameworks */,
				0E170ECA179A9E91009EA389 /* CoreText.framework in Frameworks */,
				0E170EC8179A9E8B009EA389 /* Twitter.framework in Frameworks */,
				0E6B80BB176B3A8F0088A3FE /* Foundation.framework in Frameworks */,
				0E170EC6179A9E79009EA389 /* MapKit.framework in Frameworks */,
				0E802C7D176B3FFD004466D4 /* CoreLocation.framework in Frameworks */,
				0E170EC4179A9E6A009EA389 /* MessageUI.framework in Frameworks */,
				0E802C89176B402A004466D4 /* SystemConfiguration.framework in Frameworks */,
				0E23C1E3178F24B50041DA87 /* libGPUImage.a in Frameworks */,
				0E802C83176B4015004466D4 /* QuartzCore.framework in Frameworks */,
				0EC545841782C851002BC375 /* ImageIO.framework in Frameworks */,
				0EC545821782C84A002BC375 /* AVFoundation.framework in Frameworks */,
				0EC545801782C843002BC375 /* CoreVideo.framework in Frameworks */,
				0EC5457E1782C83B002BC375 /* CoreMedia.framework in Frameworks */,
				0E802C87176B4022004466D4 /* StoreKit.framework in Frameworks */,
				0E802C85176B401B004466D4 /* Security.framework in Frameworks */,
				0E802C7F176B4007004466D4 /* libz.1.1.3.dylib in Frameworks */,
				0E802C77176B3F5C004466D4 /* Parse.framework in Frameworks */,
				0E6B80BD176B3A8F0088A3FE /* CoreGraphics.framework in Frameworks */,
				0E802C7B176B3FA2004466D4 /* CFNetwork.framework in Frameworks */,
				0E802C79176B3F9A004466D4 /* AudioToolbox.framework in Frameworks */,
				0E6B80BF176B3A8F0088A3FE /* UIKit.framework in Frameworks */,
			);
			runOnlyForDeploymentPostprocessing = 0;
		};
		0E6B80D5176B3A8F0088A3FE /* Frameworks */ = {
			isa = PBXFrameworksBuildPhase;
			buildActionMask = 2147483647;
			files = (
				0E6B80DA176B3A8F0088A3FE /* XCTest.framework in Frameworks */,
				0E6B80DC176B3A8F0088A3FE /* UIKit.framework in Frameworks */,
				0E6B80DB176B3A8F0088A3FE /* Foundation.framework in Frameworks */,
			);
			runOnlyForDeploymentPostprocessing = 0;
		};
/* End PBXFrameworksBuildPhase section */

/* Begin PBXGroup section */
		0E116D10179FC6CB000CB4C3 /* FindFriends */ = {
			isa = PBXGroup;
			children = (
				0E116D13179FC741000CB4C3 /* PJ_FindFriendController.h */,
				0E116D14179FC741000CB4C3 /* PJ_FindFriendController.m */,
			);
			name = FindFriends;
			sourceTree = "<group>";
		};
		0E116D12179FC6F9000CB4C3 /* SuggestedFriends */ = {
			isa = PBXGroup;
			children = (
				0E170ED4179AB6B5009EA389 /* PJ_SuggestedUsersViewController.h */,
				0E170ED5179AB6B5009EA389 /* PJ_SuggestedUsersViewController.m */,
			);
			name = SuggestedFriends;
			sourceTree = "<group>";
		};
		0E170ECF179AB0D1009EA389 /* MoreMainMenu */ = {
			isa = PBXGroup;
			children = (
				0E170ED0179AB0F3009EA389 /* PJ_MoreMainMenuViewController.h */,
				0E170ED1179AB0F3009EA389 /* PJ_MoreMainMenuViewController.m */,
			);
			name = MoreMainMenu;
			sourceTree = "<group>";
		};
		0E170ED3179AB6A2009EA389 /* Friends */ = {
			isa = PBXGroup;
			children = (
				0EDEF10F179E97F30074C35A /* FriendCell */,
				0E116D12179FC6F9000CB4C3 /* SuggestedFriends */,
				0E116D10179FC6CB000CB4C3 /* FindFriends */,
			);
			name = Friends;
			sourceTree = "<group>";
		};
		0E178B9A177AF4E8009C06D4 /* Models */ = {
			isa = PBXGroup;
			children = (
				0E178B9B177AF4EF009C06D4 /* Checklistmodel */,
			);
			name = Models;
			sourceTree = "<group>";
		};
		0E178B9B177AF4EF009C06D4 /* Checklistmodel */ = {
			isa = PBXGroup;
			children = (
				0E178B9C177AF510009C06D4 /* PJ_ChecklistModel.h */,
				0E178B9D177AF510009C06D4 /* PJ_ChecklistModel.m */,
			);
			name = Checklistmodel;
			sourceTree = "<group>";
		};
		0E23C139178F1D890041DA87 /* DLCImageVIewController */ = {
			isa = PBXGroup;
			children = (
				0E23C13A178F1FF90041DA87 /* Classes */,
				0E23C143178F1FF90041DA87 /* Images */,
				0E23C181178F1FF90041DA87 /* LICENSE */,
				0E23C182178F1FF90041DA87 /* Resources */,
			);
			name = DLCImageVIewController;
			sourceTree = "<group>";
		};
		0E23C13A178F1FF90041DA87 /* Classes */ = {
			isa = PBXGroup;
			children = (
				0E23C13B178F1FF90041DA87 /* BlurOverlayView.h */,
				0E23C13C178F1FF90041DA87 /* BlurOverlayView.m */,
				0E23C13D178F1FF90041DA87 /* DLCImagePickerController.h */,
				0E23C13E178F1FF90041DA87 /* DLCImagePickerController.m */,
				0E23C13F178F1FF90041DA87 /* GrayscaleContrastFilter.h */,
				0E23C140178F1FF90041DA87 /* GrayscaleContrastFilter.m */,
				0E23C141178F1FF90041DA87 /* PhotoViewController.h */,
				0E23C142178F1FF90041DA87 /* PhotoViewController.m */,
			);
			path = Classes;
			sourceTree = "<group>";
		};
		0E23C143178F1FF90041DA87 /* Images */ = {
			isa = PBXGroup;
			children = (
				0E23C144178F1FF90041DA87 /* FilterSamples */,
				0E23C159178F1FF90041DA87 /* Overlays */,
				0E23C15C178F1FF90041DA87 /* Samples */,
				0E23C15E178F1FF90041DA87 /* UI */,
			);
			path = Images;
			sourceTree = "<group>";
		};
		0E23C144178F1FF90041DA87 /* FilterSamples */ = {
			isa = PBXGroup;
			children = (
				0E23C145178F1FF90041DA87 /* 1.jpg */,
				0E23C146178F1FF90041DA87 /* 10.jpg */,
				0E23C147178F1FF90041DA87 /* 10@2x.jpg */,
				0E23C148178F1FF90041DA87 /* 1@2x.jpg */,
				0E23C149178F1FF90041DA87 /* 2.jpg */,
				0E23C14A178F1FF90041DA87 /* 2@2x.jpg */,
				0E23C14B178F1FF90041DA87 /* 3.jpg */,
				0E23C14C178F1FF90041DA87 /* 3@2x.jpg */,
				0E23C14D178F1FF90041DA87 /* 4.jpg */,
				0E23C14E178F1FF90041DA87 /* 4@2x.jpg */,
				0E23C14F178F1FF90041DA87 /* 5.jpg */,
				0E23C150178F1FF90041DA87 /* 5@2x.jpg */,
				0E23C151178F1FF90041DA87 /* 6.jpg */,
				0E23C152178F1FF90041DA87 /* 6@2x.jpg */,
				0E23C153178F1FF90041DA87 /* 7.jpg */,
				0E23C154178F1FF90041DA87 /* 7@2x.jpg */,
				0E23C155178F1FF90041DA87 /* 8.jpg */,
				0E23C156178F1FF90041DA87 /* 8@2x.jpg */,
				0E23C157178F1FF90041DA87 /* 9.jpg */,
				0E23C158178F1FF90041DA87 /* 9@2x.jpg */,
			);
			path = FilterSamples;
			sourceTree = "<group>";
		};
		0E23C159178F1FF90041DA87 /* Overlays */ = {
			isa = PBXGroup;
			children = (
				0E23C15A178F1FF90041DA87 /* blackframe.png */,
				0E23C15B178F1FF90041DA87 /* mask.png */,
			);
			path = Overlays;
			sourceTree = "<group>";
		};
		0E23C15C178F1FF90041DA87 /* Samples */ = {
			isa = PBXGroup;
			children = (
				0E23C15D178F1FF90041DA87 /* sample1.jpg */,
			);
			path = Samples;
			sourceTree = "<group>";
		};
		0E23C15E178F1FF90041DA87 /* UI */ = {
			isa = PBXGroup;
			children = (
				0E23C15F178F1FF90041DA87 /* blur-on.png */,
				0E23C160178F1FF90041DA87 /* blur-on@2x.png */,
				0E23C161178F1FF90041DA87 /* blur.png */,
				0E23C162178F1FF90041DA87 /* blur@2x.png */,
				0E23C163178F1FF90041DA87 /* camera-button.png */,
				0E23C164178F1FF90041DA87 /* camera-button@2x.png */,
				0E23C165178F1FF90041DA87 /* camera-icon.png */,
				0E23C166178F1FF90041DA87 /* camera-icon@2x.png */,
				0E23C167178F1FF90041DA87 /* close.png */,
				0E23C168178F1FF90041DA87 /* close@2x.png */,
				0E23C169178F1FF90041DA87 /* dock_bg.png */,
				0E23C16A178F1FF90041DA87 /* dock_bg@2x.png */,
				0E23C16B178F1FF90041DA87 /* filter-close.png */,
				0E23C16C178F1FF90041DA87 /* filter-close@2x.png */,
				0E23C16D178F1FF90041DA87 /* filter-open.png */,
				0E23C16E178F1FF90041DA87 /* filter-open@2x.png */,
				0E23C16F178F1FF90041DA87 /* filter.png */,
				0E23C170178F1FF90041DA87 /* filter@2x.png */,
				0E23C171178F1FF90041DA87 /* flash-auto.png */,
				0E23C172178F1FF90041DA87 /* flash-auto@2x.png */,
				0E23C173178F1FF90041DA87 /* flash-off.png */,
				0E23C174178F1FF90041DA87 /* flash-off@2x.png */,
				0E23C175178F1FF90041DA87 /* flash.png */,
				0E23C176178F1FF90041DA87 /* flash@2x.png */,
				0E23C177178F1FF90041DA87 /* focus-crosshair.png */,
				0E23C178178F1FF90041DA87 /* focus-crosshair@2x.png */,
				0E23C179178F1FF90041DA87 /* front-camera.png */,
				0E23C17A178F1FF90041DA87 /* front-camera@2x.png */,
				0E23C17B178F1FF90041DA87 /* library.png */,
				0E23C17C178F1FF90041DA87 /* library@2x.png */,
				0E23C17D178F1FF90041DA87 /* micro_carbon.png */,
				0E23C17E178F1FF90041DA87 /* micro_carbon@2x.png */,
				0E23C17F178F1FF90041DA87 /* photo_bar.png */,
				0E23C180178F1FF90041DA87 /* photo_bar@2x.png */,
			);
			path = UI;
			sourceTree = "<group>";
		};
		0E23C182178F1FF90041DA87 /* Resources */ = {
			isa = PBXGroup;
			children = (
				0E23C183178F1FF90041DA87 /* DLCImagePicker.xib */,
				0E23C184178F1FF90041DA87 /* Filters */,
			);
			path = Resources;
			sourceTree = "<group>";
		};
		0E23C184178F1FF90041DA87 /* Filters */ = {
			isa = PBXGroup;
			children = (
				0E23C185178F1FF90041DA87 /* 02.acv */,
				0E23C186178F1FF90041DA87 /* 06.acv */,
				0E23C187178F1FF90041DA87 /* 17.acv */,
				0E23C188178F1FF90041DA87 /* aqua.acv */,
				0E23C189178F1FF90041DA87 /* crossprocess.acv */,
				0E23C18A178F1FF90041DA87 /* purple-green.acv */,
				0E23C18B178F1FF90041DA87 /* yellow-red.acv */,
			);
			path = Filters;
			sourceTree = "<group>";
		};
		0E23C1D8178F24640041DA87 /* Products */ = {
			isa = PBXGroup;
			children = (
				0E23C1DE178F24640041DA87 /* libGPUImage.a */,
				0E23C1E0178F24640041DA87 /* GPUImageTests.octest */,
			);
			name = Products;
			sourceTree = "<group>";
		};
		0E6B80AE176B3A8F0088A3FE = {
			isa = PBXGroup;
			children = (
				0E6B80C0176B3A8F0088A3FE /* cmypic */,
				0E6B80DF176B3A8F0088A3FE /* cmypicTests */,
				0E6B80B9176B3A8F0088A3FE /* Frameworks */,
				0E6B80B8176B3A8F0088A3FE /* Products */,
			);
			sourceTree = "<group>";
		};
		0E6B80B8176B3A8F0088A3FE /* Products */ = {
			isa = PBXGroup;
			children = (
				0E6B80B7176B3A8F0088A3FE /* cmypic.app */,
				0E6B80D8176B3A8F0088A3FE /* cmypicTests.xctest */,
			);
			name = Products;
			sourceTree = "<group>";
		};
		0E6B80B9176B3A8F0088A3FE /* Frameworks */ = {
			isa = PBXGroup;
			children = (
				0E170ECD179A9EA2009EA389 /* AdSupport.framework */,
				0E170ECB179A9E9C009EA389 /* AddressBook.framework */,
				0E170EC9179A9E91009EA389 /* CoreText.framework */,
				0E170EC7179A9E8B009EA389 /* Twitter.framework */,
				0E170EC5179A9E79009EA389 /* MapKit.framework */,
				0E170EC3179A9E6A009EA389 /* MessageUI.framework */,
				0E23C1D7178F24640041DA87 /* GPUImage.xcodeproj */,
				0EC545831782C851002BC375 /* ImageIO.framework */,
				0EC545811782C84A002BC375 /* AVFoundation.framework */,
				0EC5457F1782C843002BC375 /* CoreVideo.framework */,
				0EC5457D1782C83B002BC375 /* CoreMedia.framework */,
				0E802C88176B402A004466D4 /* SystemConfiguration.framework */,
				0E802C86176B4022004466D4 /* StoreKit.framework */,
				0E802C84176B401B004466D4 /* Security.framework */,
				0E802C82176B4015004466D4 /* QuartzCore.framework */,
				0E802C80176B400E004466D4 /* MobileCoreServices.framework */,
				0E802C7E176B4007004466D4 /* libz.1.1.3.dylib */,
				0E802C7C176B3FFD004466D4 /* CoreLocation.framework */,
				0E802C7A176B3FA2004466D4 /* CFNetwork.framework */,
				0E802C78176B3F9A004466D4 /* AudioToolbox.framework */,
				0E6B80BA176B3A8F0088A3FE /* Foundation.framework */,
				0E6B80BC176B3A8F0088A3FE /* CoreGraphics.framework */,
				0E6B80BE176B3A8F0088A3FE /* UIKit.framework */,
				0E6B80D9176B3A8F0088A3FE /* XCTest.framework */,
			);
			name = Frameworks;
			sourceTree = "<group>";
		};
		0E6B80C0176B3A8F0088A3FE /* cmypic */ = {
			isa = PBXGroup;
			children = (
				0EF11219178F3E2C00D3F89A /* ProfileTab */,
				0E7BC41417856AD4001AFC8D /* RetakeScale */,
				0E926E041781A3EF0009617B /* Camera */,
				69C97057177E84CA00B06719 /* NewPost Tab */,
				0EDDED591779CFDE00B7E790 /* CheckList Tab */,
				0EDDED481779CF2500B7E790 /* Additional Components */,
				0EDDED421779C15400B7E790 /* More Tab */,
				0EA0529A176CD9EA000D010D /* HomeFeed */,
				0EA0526E176C84DA000D010D /* ProfileEdit and FirstTimeSetting */,
				0E71DB16176B734700360759 /* SignUp */,
				0E802C8A176B6C3A004466D4 /* LoginView */,
				0E802C75176B3F40004466D4 /* Parse */,
				0E6B80C9176B3A8F0088A3FE /* PJ_AppDelegate.h */,
				0E6B80CA176B3A8F0088A3FE /* PJ_AppDelegate.m */,
				0E6B80CC176B3A8F0088A3FE /* Main.storyboard */,
				0E178B9A177AF4E8009C06D4 /* Models */,
				0E6B80D2176B3A8F0088A3FE /* Images.xcassets */,
				0EA0527C176CD98E000D010D /* Resources */,
				69C9705C177ED9DB00B06719 /* iPad */,
				0E6B80C1176B3A8F0088A3FE /* Supporting Files */,
			);
			path = cmypic;
			sourceTree = "<group>";
		};
		0E6B80C1176B3A8F0088A3FE /* Supporting Files */ = {
			isa = PBXGroup;
			children = (
				0E6B80C2176B3A8F0088A3FE /* cmypic-Info.plist */,
				0E6B80C3176B3A8F0088A3FE /* InfoPlist.strings */,
				0E6B80C6176B3A8F0088A3FE /* main.m */,
				0E6B80C8176B3A8F0088A3FE /* cmypic-Prefix.pch */,
			);
			name = "Supporting Files";
			sourceTree = "<group>";
		};
		0E6B80DF176B3A8F0088A3FE /* cmypicTests */ = {
			isa = PBXGroup;
			children = (
				0E6B80E5176B3A8F0088A3FE /* cmypicTests.m */,
				0E6B80E0176B3A8F0088A3FE /* Supporting Files */,
			);
			path = cmypicTests;
			sourceTree = "<group>";
		};
		0E6B80E0176B3A8F0088A3FE /* Supporting Files */ = {
			isa = PBXGroup;
			children = (
				0E6B80E1176B3A8F0088A3FE /* cmypicTests-Info.plist */,
				0E6B80E2176B3A8F0088A3FE /* InfoPlist.strings */,
			);
			name = "Supporting Files";
			sourceTree = "<group>";
		};
		0E71DB16176B734700360759 /* SignUp */ = {
			isa = PBXGroup;
			children = (
				0E71DB1A176B85D900360759 /* PJ_SignUpViewController.h */,
				0E71DB1B176B85D900360759 /* PJ_SignUpViewController.m */,
			);
			name = SignUp;
			sourceTree = "<group>";
		};
		0E7BC41417856AD4001AFC8D /* RetakeScale */ = {
			isa = PBXGroup;
			children = (
				0E7BC41517856AF4001AFC8D /* PJ_RetakeCameraViewController.h */,
				0E7BC41617856AF4001AFC8D /* PJ_RetakeCameraViewController.m */,
				0EA2CF931786F924006AC1A0 /* Scale.xib */,
			);
			name = RetakeScale;
			sourceTree = "<group>";
		};
		0E802C75176B3F40004466D4 /* Parse */ = {
			isa = PBXGroup;
			children = (
				0E802C76176B3F5C004466D4 /* Parse.framework */,
			);
			name = Parse;
			sourceTree = "<group>";
		};
		0E802C8A176B6C3A004466D4 /* LoginView */ = {
			isa = PBXGroup;
			children = (
				0E802C8B176B6C5A004466D4 /* PJ_LoginViewController.h */,
				0E802C8C176B6C5A004466D4 /* PJ_LoginViewController.m */,
			);
			name = LoginView;
			sourceTree = "<group>";
		};
		0E926E041781A3EF0009617B /* Camera */ = {
			isa = PBXGroup;
			children = (
				0E40E43B1782E90400A75B6D /* PJ_CameraViewController.h */,
				0E40E43C1782E90400A75B6D /* PJ_CameraViewController.m */,
			);
			name = Camera;
			sourceTree = "<group>";
		};
		0E984DBD178DEC64007C1C44 /* UIIMAGE categories */ = {
			isa = PBXGroup;
			children = (
				0E984DBE178DECBC007C1C44 /* UIImage+Alpha.h */,
				0E984DAE178DEC5E007C1C44 /* UIImage+Alpha.m */,
				0E984DAF178DEC5E007C1C44 /* UIImage+AlphaAdditions.h */,
				0E984DB0178DEC5E007C1C44 /* UIImage+AlphaAdditions.m */,
				0E984DB1178DEC5E007C1C44 /* UIImage+ResizeAdditions.h */,
				0E984DB2178DEC5E007C1C44 /* UIImage+ResizeAdditions.m */,
				0E984DB3178DEC5E007C1C44 /* UIImage+RoundedCornerAdditions.h */,
				0E984DB4178DEC5F007C1C44 /* UIImage+RoundedCornerAdditions.m */,
			);
			name = "UIIMAGE categories";
			sourceTree = "<group>";
		};
		0EA0526E176C84DA000D010D /* ProfileEdit and FirstTimeSetting */ = {
			isa = PBXGroup;
			children = (
				0EA05272176C85FF000D010D /* PJ_ProfieEditViewController.h */,
				0EA05273176C85FF000D010D /* PJ_ProfieEditViewController.m */,
			);
			name = "ProfileEdit and FirstTimeSetting";
			sourceTree = "<group>";
		};
		0EA0527C176CD98E000D010D /* Resources */ = {
			isa = PBXGroup;
			children = (
				0E4FD495178DC7470076BC00 /* photo.jpg */,
			);
			name = Resources;
			sourceTree = "<group>";
		};
		0EA0529A176CD9EA000D010D /* HomeFeed */ = {
			isa = PBXGroup;
			children = (
				69451AE91794025F001849D6 /* CG_ProfileFeedViewController.m */,
				69451AEA1794025F001849D6 /* CG_ProfileFeedViewController.h */,
				69451AEB1794025F001849D6 /* CG_HomeFeedsViewController.m */,
				69451AEC1794025F001849D6 /* CG_HomeFeedsViewController.h */,
				69451AED1794025F001849D6 /* CG_HomeFeedCell.m */,
				69451AEE17940260001849D6 /* CG_HomeFeedCell.h */,
			);
			name = HomeFeed;
			sourceTree = "<group>";
		};
		0EA0529E176CE89D000D010D /* CustomTabBar */ = {
			isa = PBXGroup;
			children = (
				0EA0529F176CE8BE000D010D /* WBTabBarController.h */,
				0EA052A0176CE8BE000D010D /* WBTabBarController.m */,
				0EA052A2176CE8D7000D010D /* Images */,
			);
			name = CustomTabBar;
			sourceTree = "<group>";
		};
		0EA052A2176CE8D7000D010D /* Images */ = {
			isa = PBXGroup;
			children = (
				0EA052AB176CE9CB000D010D /* camera_button_take.png */,
				0EA052AC176CE9CB000D010D /* camera_button_take@2x.png */,
				0EA052AD176CE9CB000D010D /* tabBar_cameraButton_ready_matte.png */,
				0EA052AE176CE9CB000D010D /* tabBar_cameraButton_ready_matte@2x.png */,
			);
			name = Images;
			sourceTree = "<group>";
		};
		0EA657E11780977500A28DA7 /* AddItem */ = {
			isa = PBXGroup;
			children = (
				0EA657E21780978D00A28DA7 /* PJ_AddItemToCheckListViewController.h */,
				0EA657E31780978D00A28DA7 /* PJ_AddItemToCheckListViewController.m */,
			);
			name = AddItem;
			sourceTree = "<group>";
		};
		0EC3CEE41792905C0065F5C5 /* MBProgressHUD */ = {
			isa = PBXGroup;
			children = (
				0EC3CEE7179290710065F5C5 /* MBProgressHUD.h */,
				0EC3CEE8179290710065F5C5 /* MBProgressHUD.m */,
			);
			name = MBProgressHUD;
			sourceTree = "<group>";
		};
		0EDDED421779C15400B7E790 /* More Tab */ = {
			isa = PBXGroup;
			children = (
				0E170ED3179AB6A2009EA389 /* Friends */,
				0E170ECF179AB0D1009EA389 /* MoreMainMenu */,
			);
			name = "More Tab";
			sourceTree = "<group>";
		};
		0EDDED481779CF2500B7E790 /* Additional Components */ = {
			isa = PBXGroup;
			children = (
				0EC3CEE41792905C0065F5C5 /* MBProgressHUD */,
				0E23C139178F1D890041DA87 /* DLCImageVIewController */,
				0E984DBD178DEC64007C1C44 /* UIIMAGE categories */,
				0EEC27B61785D6F400DBA248 /* ImageEditor */,
				0EDDED491779CF6000B7E790 /* MVSelectorScrollView */,
				0EA0529E176CE89D000D010D /* CustomTabBar */,
			);
			name = "Additional Components";
			sourceTree = "<group>";
		};
		0EDDED491779CF6000B7E790 /* MVSelectorScrollView */ = {
			isa = PBXGroup;
			children = (
				0EDDED4A1779CF6000B7E790 /* MVScrollerClipView.h */,
				0EDDED4B1779CF6000B7E790 /* MVScrollerClipView.m */,
				0EDDED4C1779CF6000B7E790 /* MVSelectorContentView.h */,
				0EDDED4D1779CF6000B7E790 /* MVSelectorContentView.m */,
				0EDDED4E1779CF6000B7E790 /* MVSelectorScrollView.h */,
				0EDDED4F1779CF6000B7E790 /* MVSelectorScrollView.m */,
				0EDDED501779CF6000B7E790 /* MVSelectorScrollView.xib */,
				0EDDED511779CF6000B7E790 /* scroller_bg@2x.png */,
				0EDDED521779CF6000B7E790 /* scroller_glass@2x.png */,
			);
			path = MVSelectorScrollView;
			sourceTree = "<group>";
		};
		0EDDED591779CFDE00B7E790 /* CheckList Tab */ = {
			isa = PBXGroup;
			children = (
				0EA657E11780977500A28DA7 /* AddItem */,
				0EDDED5A1779CFEC00B7E790 /* CheckListMain */,
			);
			name = "CheckList Tab";
			sourceTree = "<group>";
		};
		0EDDED5A1779CFEC00B7E790 /* CheckListMain */ = {
			isa = PBXGroup;
			children = (
				0EDDED5B1779CFFE00B7E790 /* PJ_CheckListMainViewController.h */,
				0EDDED5C1779CFFE00B7E790 /* PJ_CheckListMainViewController.m */,
			);
			name = CheckListMain;
			sourceTree = "<group>";
		};
		0EDEF10F179E97F30074C35A /* FriendCell */ = {
			isa = PBXGroup;
			children = (
				0EDEF112179EA81B0074C35A /* PJ_FindFriendsCell.h */,
				0EDEF113179EA81B0074C35A /* PJ_FindFriendsCell.m */,
			);
			name = FriendCell;
			sourceTree = "<group>";
		};
		0EEC27B61785D6F400DBA248 /* ImageEditor */ = {
			isa = PBXGroup;
			children = (
				0EEC27B71785D6F400DBA248 /* HFImageEditorFrameView.h */,
				0EEC27B81785D6F400DBA248 /* HFImageEditorFrameView.m */,
				0EEC27B91785D6F400DBA248 /* HFImageEditorViewController+SubclassingHooks.h */,
				0EEC27BA1785D6F400DBA248 /* HFImageEditorViewController.h */,
				0EEC27BB1785D6F400DBA248 /* HFImageEditorViewController.m */,
			);
			path = ImageEditor;
			sourceTree = "<group>";
		};
		0EF11219178F3E2C00D3F89A /* ProfileTab */ = {
			isa = PBXGroup;
			children = (
				0E170EDB179AEC11009EA389 /* PJ_ProfileTabController.h */,
				0E170EDC179AEC11009EA389 /* PJ_ProfileTabController.m */,
			);
			name = ProfileTab;
			sourceTree = "<group>";
		};
		69C97057177E84CA00B06719 /* NewPost Tab */ = {
			isa = PBXGroup;
			children = (
				69C97058177E854300B06719 /* CG_NewPostViewController.h */,
				69C97059177E854300B06719 /* CG_NewPostViewController.m */,
			);
			name = "NewPost Tab";
			path = ..;
			sourceTree = "<group>";
		};
		69C9705C177ED9DB00B06719 /* iPad */ = {
			isa = PBXGroup;
			children = (
			);
			name = iPad;
			sourceTree = "<group>";
		};
/* End PBXGroup section */

/* Begin PBXNativeTarget section */
		0E6B80B6176B3A8F0088A3FE /* cmypic */ = {
			isa = PBXNativeTarget;
			buildConfigurationList = 0E6B80E9176B3A8F0088A3FE /* Build configuration list for PBXNativeTarget "cmypic" */;
			buildPhases = (
				0E6B80B3176B3A8F0088A3FE /* Sources */,
				0E6B80B4176B3A8F0088A3FE /* Frameworks */,
				0E6B80B5176B3A8F0088A3FE /* Resources */,
			);
			buildRules = (
			);
			dependencies = (
				0E23C1E2178F24A10041DA87 /* PBXTargetDependency */,
			);
			name = cmypic;
			productName = cmypic;
			productReference = 0E6B80B7176B3A8F0088A3FE /* cmypic.app */;
			productType = "com.apple.product-type.application";
		};
		0E6B80D7176B3A8F0088A3FE /* cmypicTests */ = {
			isa = PBXNativeTarget;
			buildConfigurationList = 0E6B80EC176B3A8F0088A3FE /* Build configuration list for PBXNativeTarget "cmypicTests" */;
			buildPhases = (
				0E6B80D4176B3A8F0088A3FE /* Sources */,
				0E6B80D5176B3A8F0088A3FE /* Frameworks */,
				0E6B80D6176B3A8F0088A3FE /* Resources */,
			);
			buildRules = (
			);
			dependencies = (
				0E6B80DE176B3A8F0088A3FE /* PBXTargetDependency */,
			);
			name = cmypicTests;
			productName = cmypicTests;
			productReference = 0E6B80D8176B3A8F0088A3FE /* cmypicTests.xctest */;
			productType = "com.apple.product-type.bundle.unit-test";
		};
/* End PBXNativeTarget section */

/* Begin PBXProject section */
		0E6B80AF176B3A8F0088A3FE /* Project object */ = {
			isa = PBXProject;
			attributes = {
				CLASSPREFIX = PJ_;
				LastUpgradeCheck = 0500;
				ORGANIZATIONNAME = "Poojan Jhaveri";
				TargetAttributes = {
					0E6B80B6176B3A8F0088A3FE = {
						DevelopmentTeam = 268PEX4CJ3;
					};
					0E6B80D7176B3A8F0088A3FE = {
						TestTargetID = 0E6B80B6176B3A8F0088A3FE;
					};
				};
			};
			buildConfigurationList = 0E6B80B2176B3A8F0088A3FE /* Build configuration list for PBXProject "cmypic" */;
			compatibilityVersion = "Xcode 3.2";
			developmentRegion = English;
			hasScannedForEncodings = 0;
			knownRegions = (
				en,
				Base,
				es,
				nl,
				pt,
			);
			mainGroup = 0E6B80AE176B3A8F0088A3FE;
			productRefGroup = 0E6B80B8176B3A8F0088A3FE /* Products */;
			projectDirPath = "";
			projectReferences = (
				{
					ProductGroup = 0E23C1D8178F24640041DA87 /* Products */;
					ProjectRef = 0E23C1D7178F24640041DA87 /* GPUImage.xcodeproj */;
				},
			);
			projectRoot = "";
			targets = (
				0E6B80B6176B3A8F0088A3FE /* cmypic */,
				0E6B80D7176B3A8F0088A3FE /* cmypicTests */,
			);
		};
/* End PBXProject section */

/* Begin PBXReferenceProxy section */
		0E23C1DE178F24640041DA87 /* libGPUImage.a */ = {
			isa = PBXReferenceProxy;
			fileType = archive.ar;
			path = libGPUImage.a;
			remoteRef = 0E23C1DD178F24640041DA87 /* PBXContainerItemProxy */;
			sourceTree = BUILT_PRODUCTS_DIR;
		};
		0E23C1E0178F24640041DA87 /* GPUImageTests.octest */ = {
			isa = PBXReferenceProxy;
			fileType = wrapper.cfbundle;
			path = GPUImageTests.octest;
			remoteRef = 0E23C1DF178F24640041DA87 /* PBXContainerItemProxy */;
			sourceTree = BUILT_PRODUCTS_DIR;
		};
/* End PBXReferenceProxy section */

/* Begin PBXResourcesBuildPhase section */
		0E6B80B5176B3A8F0088A3FE /* Resources */ = {
			isa = PBXResourcesBuildPhase;
			buildActionMask = 2147483647;
			files = (
				0E23C1B0178F1FF90041DA87 /* close@2x.png in Resources */,
				0EA052B2176CE9CB000D010D /* tabBar_cameraButton_ready_matte@2x.png in Resources */,
				0E23C190178F1FF90041DA87 /* 1.jpg in Resources */,
				0E23C193178F1FF90041DA87 /* 1@2x.jpg in Resources */,
				0E23C1B8178F1FF90041DA87 /* filter@2x.png in Resources */,
				0E23C1AD178F1FF90041DA87 /* camera-icon.png in Resources */,
				0E23C1B4178F1FF90041DA87 /* filter-close@2x.png in Resources */,
				0E23C1A6178F1FF90041DA87 /* sample1.jpg in Resources */,
				0E23C1A2178F1FF90041DA87 /* 9.jpg in Resources */,
				0E23C1A7178F1FF90041DA87 /* blur-on.png in Resources */,
				0EA052B1176CE9CB000D010D /* tabBar_cameraButton_ready_matte.png in Resources */,
				0E23C1BC178F1FF90041DA87 /* flash-off@2x.png in Resources */,
				0E23C19C178F1FF90041DA87 /* 6.jpg in Resources */,
				0E4FD496178DC7470076BC00 /* photo.jpg in Resources */,
				0E23C194178F1FF90041DA87 /* 2.jpg in Resources */,
				0EA052B0176CE9CB000D010D /* camera_button_take@2x.png in Resources */,
				0EDDED581779CF6000B7E790 /* scroller_glass@2x.png in Resources */,
				0E23C1BF178F1FF90041DA87 /* focus-crosshair.png in Resources */,
				0E23C1A9178F1FF90041DA87 /* blur.png in Resources */,
				0E23C1BA178F1FF90041DA87 /* flash-auto@2x.png in Resources */,
				0EA052AF176CE9CB000D010D /* camera_button_take.png in Resources */,
				0E23C1AB178F1FF90041DA87 /* camera-button.png in Resources */,
				0E23C192178F1FF90041DA87 /* 10@2x.jpg in Resources */,
				0E23C1B5178F1FF90041DA87 /* filter-open.png in Resources */,
				0E23C1CB178F1FF90041DA87 /* 02.acv in Resources */,
				0E23C1C9178F1FF90041DA87 /* LICENSE in Resources */,
				0E23C1BB178F1FF90041DA87 /* flash-off.png in Resources */,
				0E23C1CE178F1FF90041DA87 /* aqua.acv in Resources */,
				0EA2CF941786F924006AC1A0 /* Scale.xib in Resources */,
				0E23C195178F1FF90041DA87 /* 2@2x.jpg in Resources */,
				0E23C1A4178F1FF90041DA87 /* blackframe.png in Resources */,
				0E23C1B7178F1FF90041DA87 /* filter.png in Resources */,
				0E23C1B1178F1FF90041DA87 /* dock_bg.png in Resources */,
				0E23C1A5178F1FF90041DA87 /* mask.png in Resources */,
				0E23C1B2178F1FF90041DA87 /* dock_bg@2x.png in Resources */,
				0E23C197178F1FF90041DA87 /* 3@2x.jpg in Resources */,
				0E23C1D1178F1FF90041DA87 /* yellow-red.acv in Resources */,
				0E23C199178F1FF90041DA87 /* 4@2x.jpg in Resources */,
				0E23C1AC178F1FF90041DA87 /* camera-button@2x.png in Resources */,
				0E23C1B9178F1FF90041DA87 /* flash-auto.png in Resources */,
				0E23C1A8178F1FF90041DA87 /* blur-on@2x.png in Resources */,
				0E23C1B3178F1FF90041DA87 /* filter-close.png in Resources */,
				0E23C19B178F1FF90041DA87 /* 5@2x.jpg in Resources */,
				0E23C1CC178F1FF90041DA87 /* 06.acv in Resources */,
				0E23C1C6178F1FF90041DA87 /* micro_carbon@2x.png in Resources */,
				0E23C1BE178F1FF90041DA87 /* flash@2x.png in Resources */,
				0E23C191178F1FF90041DA87 /* 10.jpg in Resources */,
				0E23C1C8178F1FF90041DA87 /* photo_bar@2x.png in Resources */,
				0E23C1A1178F1FF90041DA87 /* 8@2x.jpg in Resources */,
				0E23C1CA178F1FF90041DA87 /* DLCImagePicker.xib in Resources */,
				0E23C1BD178F1FF90041DA87 /* flash.png in Resources */,
				0E23C1D0178F1FF90041DA87 /* purple-green.acv in Resources */,
				0E23C1A0178F1FF90041DA87 /* 8.jpg in Resources */,
				0E23C1C1178F1FF90041DA87 /* front-camera.png in Resources */,
				0E23C1C7178F1FF90041DA87 /* photo_bar.png in Resources */,
				0E23C1CD178F1FF90041DA87 /* 17.acv in Resources */,
				0E6B80D3176B3A8F0088A3FE /* Images.xcassets in Resources */,
				0E23C198178F1FF90041DA87 /* 4.jpg in Resources */,
				0EDDED571779CF6000B7E790 /* scroller_bg@2x.png in Resources */,
				0E23C1AA178F1FF90041DA87 /* blur@2x.png in Resources */,
				0E23C1B6178F1FF90041DA87 /* filter-open@2x.png in Resources */,
				0E6B80C5176B3A8F0088A3FE /* InfoPlist.strings in Resources */,
				0E23C1C3178F1FF90041DA87 /* library.png in Resources */,
				0E23C1C2178F1FF90041DA87 /* front-camera@2x.png in Resources */,
				0E23C19A178F1FF90041DA87 /* 5.jpg in Resources */,
				0E23C1C4178F1FF90041DA87 /* library@2x.png in Resources */,
				0E6B80CE176B3A8F0088A3FE /* Main.storyboard in Resources */,
				0E23C1CF178F1FF90041DA87 /* crossprocess.acv in Resources */,
				0E23C1AE178F1FF90041DA87 /* camera-icon@2x.png in Resources */,
				0E23C1A3178F1FF90041DA87 /* 9@2x.jpg in Resources */,
				0E23C1AF178F1FF90041DA87 /* close.png in Resources */,
				0E23C19D178F1FF90041DA87 /* 6@2x.jpg in Resources */,
				0E23C19F178F1FF90041DA87 /* 7@2x.jpg in Resources */,
				0E23C1C5178F1FF90041DA87 /* micro_carbon.png in Resources */,
				0E23C1C0178F1FF90041DA87 /* focus-crosshair@2x.png in Resources */,
				0E23C19E178F1FF90041DA87 /* 7.jpg in Resources */,
				0E23C196178F1FF90041DA87 /* 3.jpg in Resources */,
				0EDDED561779CF6000B7E790 /* MVSelectorScrollView.xib in Resources */,
			);
			runOnlyForDeploymentPostprocessing = 0;
		};
		0E6B80D6176B3A8F0088A3FE /* Resources */ = {
			isa = PBXResourcesBuildPhase;
			buildActionMask = 2147483647;
			files = (
				0E6B80E4176B3A8F0088A3FE /* InfoPlist.strings in Resources */,
			);
			runOnlyForDeploymentPostprocessing = 0;
		};
/* End PBXResourcesBuildPhase section */

/* Begin PBXSourcesBuildPhase section */
		0E6B80B3176B3A8F0088A3FE /* Sources */ = {
			isa = PBXSourcesBuildPhase;
			buildActionMask = 2147483647;
			files = (
				0EA657E41780978D00A28DA7 /* PJ_AddItemToCheckListViewController.m in Sources */,
				0E23C18E178F1FF90041DA87 /* GrayscaleContrastFilter.m in Sources */,
				69451AF117940260001849D6 /* CG_HomeFeedsViewController.m in Sources */,
				0E984DBB178DEC5F007C1C44 /* UIImage+RoundedCornerAdditions.m in Sources */,
				0EEC27BC1785D6F400DBA248 /* HFImageEditorFrameView.m in Sources */,
				0EDDED541779CF6000B7E790 /* MVSelectorContentView.m in Sources */,
				0E170ED6179AB6B5009EA389 /* PJ_SuggestedUsersViewController.m in Sources */,
				0E23C18F178F1FF90041DA87 /* PhotoViewController.m in Sources */,
				0EC3CEE9179290710065F5C5 /* MBProgressHUD.m in Sources */,
				0E6B80CB176B3A8F0088A3FE /* PJ_AppDelegate.m in Sources */,
				0E802C8D176B6C5A004466D4 /* PJ_LoginViewController.m in Sources */,
				69451AEF17940260001849D6 /* CG_ProfileFeedViewController.m in Sources */,
				0EDEF114179EA81C0074C35A /* PJ_FindFriendsCell.m in Sources */,
				0E40E43D1782E90400A75B6D /* PJ_CameraViewController.m in Sources */,
				0E984DB9178DEC5F007C1C44 /* UIImage+ResizeAdditions.m in Sources */,
				0EEC27BD1785D6F400DBA248 /* HFImageEditorViewController.m in Sources */,
				0E984DB5178DEC5F007C1C44 /* UIImage+Alpha.m in Sources */,
				0EA05274176C85FF000D010D /* PJ_ProfieEditViewController.m in Sources */,
				69451AF317940260001849D6 /* CG_HomeFeedCell.m in Sources */,
				0E116D15179FC741000CB4C3 /* PJ_FindFriendController.m in Sources */,
				0EDDED531779CF6000B7E790 /* MVScrollerClipView.m in Sources */,
				0E178B9E177AF510009C06D4 /* PJ_ChecklistModel.m in Sources */,
				0E71DB1C176B85D900360759 /* PJ_SignUpViewController.m in Sources */,
				69C9705A177E854300B06719 /* CG_NewPostViewController.m in Sources */,
				0E984DB7178DEC5F007C1C44 /* UIImage+AlphaAdditions.m in Sources */,
				0EDDED5D1779CFFE00B7E790 /* PJ_CheckListMainViewController.m in Sources */,
				0E7BC41717856AF4001AFC8D /* PJ_RetakeCameraViewController.m in Sources */,
				0E170EDD179AEC11009EA389 /* PJ_ProfileTabController.m in Sources */,
				0E6B80C7176B3A8F0088A3FE /* main.m in Sources */,
				0EDDED551779CF6000B7E790 /* MVSelectorScrollView.m in Sources */,
				0E23C18C178F1FF90041DA87 /* BlurOverlayView.m in Sources */,
				0EA052A1176CE8BE000D010D /* WBTabBarController.m in Sources */,
				0E23C18D178F1FF90041DA87 /* DLCImagePickerController.m in Sources */,
				0E170ED2179AB0F3009EA389 /* PJ_MoreMainMenuViewController.m in Sources */,
			);
			runOnlyForDeploymentPostprocessing = 0;
		};
		0E6B80D4176B3A8F0088A3FE /* Sources */ = {
			isa = PBXSourcesBuildPhase;
			buildActionMask = 2147483647;
			files = (
				69451AF417940260001849D6 /* CG_HomeFeedCell.m in Sources */,
				0E984DB6178DEC5F007C1C44 /* UIImage+Alpha.m in Sources */,
				69451AF217940260001849D6 /* CG_HomeFeedsViewController.m in Sources */,
				0E984DBC178DEC5F007C1C44 /* UIImage+RoundedCornerAdditions.m in Sources */,
				0E6B80E6176B3A8F0088A3FE /* cmypicTests.m in Sources */,
				69451AF017940260001849D6 /* CG_ProfileFeedViewController.m in Sources */,
				0E984DBA178DEC5F007C1C44 /* UIImage+ResizeAdditions.m in Sources */,
				69C9705B177E854300B06719 /* CG_NewPostViewController.m in Sources */,
				0E984DB8178DEC5F007C1C44 /* UIImage+AlphaAdditions.m in Sources */,
			);
			runOnlyForDeploymentPostprocessing = 0;
		};
/* End PBXSourcesBuildPhase section */

/* Begin PBXTargetDependency section */
		0E23C1E2178F24A10041DA87 /* PBXTargetDependency */ = {
			isa = PBXTargetDependency;
			name = GPUImage;
			targetProxy = 0E23C1E1178F24A10041DA87 /* PBXContainerItemProxy */;
		};
		0E6B80DE176B3A8F0088A3FE /* PBXTargetDependency */ = {
			isa = PBXTargetDependency;
			target = 0E6B80B6176B3A8F0088A3FE /* cmypic */;
			targetProxy = 0E6B80DD176B3A8F0088A3FE /* PBXContainerItemProxy */;
		};
/* End PBXTargetDependency section */

/* Begin PBXVariantGroup section */
		0E6B80C3176B3A8F0088A3FE /* InfoPlist.strings */ = {
			isa = PBXVariantGroup;
			children = (
				0E6B80C4176B3A8F0088A3FE /* en */,
			);
			name = InfoPlist.strings;
			sourceTree = "<group>";
		};
		0E6B80CC176B3A8F0088A3FE /* Main.storyboard */ = {
			isa = PBXVariantGroup;
			children = (
				0E6B80CD176B3A8F0088A3FE /* Base */,
			);
			name = Main.storyboard;
			sourceTree = "<group>";
		};
		0E6B80E2176B3A8F0088A3FE /* InfoPlist.strings */ = {
			isa = PBXVariantGroup;
			children = (
				0E6B80E3176B3A8F0088A3FE /* en */,
			);
			name = InfoPlist.strings;
			sourceTree = "<group>";
		};
/* End PBXVariantGroup section */

/* Begin XCBuildConfiguration section */
		0E6B80E7176B3A8F0088A3FE /* Debug */ = {
			isa = XCBuildConfiguration;
			buildSettings = {
				ALWAYS_SEARCH_USER_PATHS = NO;
				CLANG_CXX_LANGUAGE_STANDARD = "gnu++0x";
				CLANG_CXX_LIBRARY = "libc++";
				CLANG_ENABLE_MODULES = YES;
				CLANG_ENABLE_OBJC_ARC = YES;
				CLANG_WARN_BOOL_CONVERSION = YES;
				CLANG_WARN_CONSTANT_CONVERSION = YES;
				CLANG_WARN_DIRECT_OBJC_ISA_USAGE = YES_ERROR;
				CLANG_WARN_EMPTY_BODY = YES;
				CLANG_WARN_ENUM_CONVERSION = YES;
				CLANG_WARN_INT_CONVERSION = YES;
				CLANG_WARN_OBJC_ROOT_CLASS = YES_ERROR;
				CLANG_WARN__DUPLICATE_METHOD_MATCH = YES;
				CODE_SIGN_IDENTITY = "iPhone Developer: Poojan Jhaveri (BNMWDN3M8D)";
				"CODE_SIGN_IDENTITY[sdk=iphoneos*]" = "iPhone Developer: Poojan Jhaveri (BNMWDN3M8D)";
				COPY_PHASE_STRIP = NO;
				GCC_C_LANGUAGE_STANDARD = gnu99;
				GCC_DYNAMIC_NO_PIC = NO;
				GCC_OPTIMIZATION_LEVEL = 0;
				GCC_PREPROCESSOR_DEFINITIONS = (
					"DEBUG=1",
					"$(inherited)",
				);
				GCC_SYMBOLS_PRIVATE_EXTERN = NO;
				GCC_WARN_ABOUT_RETURN_TYPE = YES_ERROR;
				GCC_WARN_UNDECLARED_SELECTOR = YES;
				GCC_WARN_UNINITIALIZED_AUTOS = YES;
				GCC_WARN_UNUSED_FUNCTION = YES;
				GCC_WARN_UNUSED_VARIABLE = YES;
				IPHONEOS_DEPLOYMENT_TARGET = 6.0;
				ONLY_ACTIVE_ARCH = YES;
				PROVISIONING_PROFILE = "18C818E8-F0FF-46E4-B0D2-660DC1B724A6";
				SDKROOT = iphoneos;
			};
			name = Debug;
		};
		0E6B80E8176B3A8F0088A3FE /* Release */ = {
			isa = XCBuildConfiguration;
			buildSettings = {
				ALWAYS_SEARCH_USER_PATHS = NO;
				CLANG_CXX_LANGUAGE_STANDARD = "gnu++0x";
				CLANG_CXX_LIBRARY = "libc++";
				CLANG_ENABLE_MODULES = YES;
				CLANG_ENABLE_OBJC_ARC = YES;
				CLANG_WARN_BOOL_CONVERSION = YES;
				CLANG_WARN_CONSTANT_CONVERSION = YES;
				CLANG_WARN_DIRECT_OBJC_ISA_USAGE = YES_ERROR;
				CLANG_WARN_EMPTY_BODY = YES;
				CLANG_WARN_ENUM_CONVERSION = YES;
				CLANG_WARN_INT_CONVERSION = YES;
				CLANG_WARN_OBJC_ROOT_CLASS = YES_ERROR;
				CLANG_WARN__DUPLICATE_METHOD_MATCH = YES;
				CODE_SIGN_IDENTITY = "iPhone Developer: Poojan Jhaveri (BNMWDN3M8D)";
				"CODE_SIGN_IDENTITY[sdk=iphoneos*]" = "iPhone Developer: Poojan Jhaveri (BNMWDN3M8D)";
				COPY_PHASE_STRIP = YES;
				ENABLE_NS_ASSERTIONS = NO;
				GCC_C_LANGUAGE_STANDARD = gnu99;
				GCC_WARN_ABOUT_RETURN_TYPE = YES_ERROR;
				GCC_WARN_UNDECLARED_SELECTOR = YES;
				GCC_WARN_UNINITIALIZED_AUTOS = YES;
				GCC_WARN_UNUSED_FUNCTION = YES;
				GCC_WARN_UNUSED_VARIABLE = YES;
				IPHONEOS_DEPLOYMENT_TARGET = 6.0;
				PROVISIONING_PROFILE = "18C818E8-F0FF-46E4-B0D2-660DC1B724A6";
				SDKROOT = iphoneos;
				VALIDATE_PRODUCT = YES;
			};
			name = Release;
		};
		0E6B80EA176B3A8F0088A3FE /* Debug */ = {
			isa = XCBuildConfiguration;
			buildSettings = {
				ASSETCATALOG_COMPILER_APPICON_NAME = AppIcon;
				ASSETCATALOG_COMPILER_LAUNCHIMAGE_NAME = LaunchImage;
				CODE_SIGN_IDENTITY = "iPhone Developer: Poojan Jhaveri (BNMWDN3M8D)";
				"CODE_SIGN_IDENTITY[sdk=iphoneos*]" = "iPhone Developer: Poojan Jhaveri (BNMWDN3M8D)";
				FRAMEWORK_SEARCH_PATHS = (
					"$(inherited)",
					"$(SRCROOT)/cmypic",
					"$(SRCROOT)/cmypic/Scringo",
				);
				GCC_PRECOMPILE_PREFIX_HEADER = YES;
				GCC_PREFIX_HEADER = "cmypic/cmypic-Prefix.pch";
				HEADER_SEARCH_PATHS = "$(SRCROOT)/cmypic/GPUImage-master-2/**";
				INFOPLIST_FILE = "cmypic/cmypic-Info.plist";
				IPHONEOS_DEPLOYMENT_TARGET = 7.0;
				PRODUCT_NAME = "$(TARGET_NAME)";
				PROVISIONING_PROFILE = "";
				TARGETED_DEVICE_FAMILY = 1;
				USER_HEADER_SEARCH_PATHS = "$(SRCROOT)/cmypic/GPUImage-master-2/**";
				WRAPPER_EXTENSION = app;
			};
			name = Debug;
		};
		0E6B80EB176B3A8F0088A3FE /* Release */ = {
			isa = XCBuildConfiguration;
			buildSettings = {
				ASSETCATALOG_COMPILER_APPICON_NAME = AppIcon;
				ASSETCATALOG_COMPILER_LAUNCHIMAGE_NAME = LaunchImage;
				CODE_SIGN_IDENTITY = "iPhone Developer: Poojan Jhaveri (BNMWDN3M8D)";
				"CODE_SIGN_IDENTITY[sdk=iphoneos*]" = "iPhone Developer: Poojan Jhaveri (BNMWDN3M8D)";
				FRAMEWORK_SEARCH_PATHS = (
					"$(inherited)",
					"$(SRCROOT)/cmypic",
					"$(SRCROOT)/cmypic/Scringo",
				);
				GCC_PRECOMPILE_PREFIX_HEADER = YES;
				GCC_PREFIX_HEADER = "cmypic/cmypic-Prefix.pch";
				HEADER_SEARCH_PATHS = "$(SRCROOT)/cmypic/GPUImage-master-2/**";
				INFOPLIST_FILE = "cmypic/cmypic-Info.plist";
				IPHONEOS_DEPLOYMENT_TARGET = 7.0;
				PRODUCT_NAME = "$(TARGET_NAME)";
				PROVISIONING_PROFILE = "";
				TARGETED_DEVICE_FAMILY = 1;
				USER_HEADER_SEARCH_PATHS = "$(SRCROOT)/cmypic/GPUImage-master-2/**";
				WRAPPER_EXTENSION = app;
			};
			name = Release;
		};
		0E6B80ED176B3A8F0088A3FE /* Debug */ = {
			isa = XCBuildConfiguration;
			buildSettings = {
				BUNDLE_LOADER = "$(BUILT_PRODUCTS_DIR)/cmypic.app/cmypic";
				FRAMEWORK_SEARCH_PATHS = (
					"$(SDKROOT)/Developer/Library/Frameworks",
					"$(inherited)",
					"$(SYSTEM_APPS_DIR)/Xcode5-DP.app/Contents/Developer/Library/Frameworks",
				);
				GCC_PRECOMPILE_PREFIX_HEADER = YES;
				GCC_PREFIX_HEADER = "cmypic/cmypic-Prefix.pch";
				GCC_PREPROCESSOR_DEFINITIONS = (
					"DEBUG=1",
					"$(inherited)",
				);
				INFOPLIST_FILE = "cmypicTests/cmypicTests-Info.plist";
				PRODUCT_NAME = "$(TARGET_NAME)";
				TEST_HOST = "$(BUNDLE_LOADER)";
				WRAPPER_EXTENSION = xctest;
			};
			name = Debug;
		};
		0E6B80EE176B3A8F0088A3FE /* Release */ = {
			isa = XCBuildConfiguration;
			buildSettings = {
				BUNDLE_LOADER = "$(BUILT_PRODUCTS_DIR)/cmypic.app/cmypic";
				FRAMEWORK_SEARCH_PATHS = (
					"$(SDKROOT)/Developer/Library/Frameworks",
					"$(inherited)",
					"$(SYSTEM_APPS_DIR)/Xcode5-DP.app/Contents/Developer/Library/Frameworks",
				);
				GCC_PRECOMPILE_PREFIX_HEADER = YES;
				GCC_PREFIX_HEADER = "cmypic/cmypic-Prefix.pch";
				INFOPLIST_FILE = "cmypicTests/cmypicTests-Info.plist";
				PRODUCT_NAME = "$(TARGET_NAME)";
				TEST_HOST = "$(BUNDLE_LOADER)";
				WRAPPER_EXTENSION = xctest;
			};
			name = Release;
		};
/* End XCBuildConfiguration section */

/* Begin XCConfigurationList section */
		0E6B80B2176B3A8F0088A3FE /* Build configuration list for PBXProject "cmypic" */ = {
			isa = XCConfigurationList;
			buildConfigurations = (
				0E6B80E7176B3A8F0088A3FE /* Debug */,
				0E6B80E8176B3A8F0088A3FE /* Release */,
			);
			defaultConfigurationIsVisible = 0;
			defaultConfigurationName = Release;
		};
		0E6B80E9176B3A8F0088A3FE /* Build configuration list for PBXNativeTarget "cmypic" */ = {
			isa = XCConfigurationList;
			buildConfigurations = (
				0E6B80EA176B3A8F0088A3FE /* Debug */,
				0E6B80EB176B3A8F0088A3FE /* Release */,
			);
			defaultConfigurationIsVisible = 0;
			defaultConfigurationName = Release;
		};
		0E6B80EC176B3A8F0088A3FE /* Build configuration list for PBXNativeTarget "cmypicTests" */ = {
			isa = XCConfigurationList;
			buildConfigurations = (
				0E6B80ED176B3A8F0088A3FE /* Debug */,
				0E6B80EE176B3A8F0088A3FE /* Release */,
			);
			defaultConfigurationIsVisible = 0;
			defaultConfigurationName = Release;
		};
/* End XCConfigurationList section */
	};
	rootObject = 0E6B80AF176B3A8F0088A3FE /* Project object */;
}
